// !$*UTF8*$!
{
	archiveVersion = 1;
	classes = {
	};
	objectVersion = 39;
	objects = {
		089C165CFE840E0CC02AAC07 = {
			children = (
				089C165DFE840E0CC02AAC07,
			);
			isa = PBXVariantGroup;
			name = InfoPlist.strings;
			refType = 4;
			sourceTree = "<group>";
		};
		089C165DFE840E0CC02AAC07 = {
			fileEncoding = 10;
			isa = PBXFileReference;
			lastKnownFileType = text.plist.strings;
			name = English;
			path = English.lproj/InfoPlist.strings;
			refType = 4;
			sourceTree = "<group>";
		};
//080
//081
//082
//083
//084
//100
//101
//102
//103
//104
		1058C7A0FEA54F0111CA2CBB = {
			children = (
				AAB1973006D819D700F77C53,
				AA33769006A52ECB0034D9B5,
				AA33777806A52F380034D9B5,
				1058C7A1FEA54F0111CA2CBB,
				AA3376B306A52EE00034D9B5,
				AA33766806A52EBC0034D9B5,
				AA33766906A52EBC0034D9B5,
			);
			isa = PBXGroup;
			name = "Linked Frameworks";
			refType = 4;
			sourceTree = "<group>";
		};
		1058C7A1FEA54F0111CA2CBB = {
			isa = PBXFileReference;
			lastKnownFileType = wrapper.framework;
			name = Cocoa.framework;
			path = /System/Library/Frameworks/Cocoa.framework;
			refType = 0;
			sourceTree = "<absolute>";
		};
		1058C7A2FEA54F0111CA2CBB = {
			children = (
				29B97325FDCFA39411CA2CEA,
				29B97324FDCFA39411CA2CEA,
			);
			isa = PBXGroup;
			name = "Other Frameworks";
			refType = 4;
			sourceTree = "<group>";
		};
//100
//101
//102
//103
//104
//190
//191
//192
//193
//194
		19C28FACFE9D520D11CA2CBB = {
			children = (
				8D1107320486CEB800E47090,
			);
			isa = PBXGroup;
			name = Products;
			refType = 4;
			sourceTree = "<group>";
		};
//190
//191
//192
//193
//194
//290
//291
//292
//293
//294
		29B97313FDCFA39411CA2CEA = {
			buildSettings = {
			};
			buildStyles = (
				4A9504CCFFE6A4B311CA0CBA,
				4A9504CDFFE6A4B311CA0CBA,
			);
			hasScannedForEncodings = 1;
			isa = PBXProject;
			mainGroup = 29B97314FDCFA39411CA2CEA;
			projectDirPath = "";
			targets = (
				8D1107260486CEB800E47090,
			);
		};
		29B97314FDCFA39411CA2CEA = {
			children = (
				AA2ACD0E06A4D06600483F52,
				29B97315FDCFA39411CA2CEA,
				29B97317FDCFA39411CA2CEA,
				29B97323FDCFA39411CA2CEA,
				19C28FACFE9D520D11CA2CBB,
			);
			isa = PBXGroup;
			name = IoApp;
			path = "";
			refType = 4;
			sourceTree = "<group>";
		};
		29B97315FDCFA39411CA2CEA = {
			children = (
				AA33766406A52DA10034D9B5,
				AA33766506A52DA10034D9B5,
				32CA4F630368D1EE00C91783,
				29B97316FDCFA39411CA2CEA,
			);
			isa = PBXGroup;
			name = "Other Sources";
			path = "";
			refType = 4;
			sourceTree = "<group>";
		};
		29B97316FDCFA39411CA2CEA = {
			fileEncoding = 30;
			isa = PBXFileReference;
			lastKnownFileType = sourcecode.c.objc;
			path = main.m;
			refType = 4;
			sourceTree = "<group>";
		};
		29B97317FDCFA39411CA2CEA = {
			children = (
				AA840BBB071A69D5005AE4A1,
				AA18689606A6B4C40098CFA8,
				8D1107310486CEB800E47090,
				089C165CFE840E0CC02AAC07,
				29B97318FDCFA39411CA2CEA,
			);
			isa = PBXGroup;
			name = Resources;
			path = "";
			refType = 4;
			sourceTree = "<group>";
		};
		29B97318FDCFA39411CA2CEA = {
			children = (
				29B97319FDCFA39411CA2CEA,
			);
			isa = PBXVariantGroup;
			name = MainMenu.nib;
			path = "";
			refType = 4;
			sourceTree = "<group>";
		};
		29B97319FDCFA39411CA2CEA = {
			isa = PBXFileReference;
			lastKnownFileType = wrapper.nib;
			name = English;
			path = English.lproj/MainMenu.nib;
			refType = 4;
			sourceTree = "<group>";
		};
		29B97323FDCFA39411CA2CEA = {
			children = (
				1058C7A0FEA54F0111CA2CBB,
				1058C7A2FEA54F0111CA2CBB,
			);
			isa = PBXGroup;
			name = Frameworks;
			path = "";
			refType = 4;
			sourceTree = "<group>";
		};
		29B97324FDCFA39411CA2CEA = {
			isa = PBXFileReference;
			lastKnownFileType = wrapper.framework;
			name = AppKit.framework;
			path = /System/Library/Frameworks/AppKit.framework;
			refType = 0;
			sourceTree = "<absolute>";
		};
		29B97325FDCFA39411CA2CEA = {
			isa = PBXFileReference;
			lastKnownFileType = wrapper.framework;
			name = Foundation.framework;
			path = /System/Library/Frameworks/Foundation.framework;
			refType = 0;
			sourceTree = "<absolute>";
		};
//290
//291
//292
//293
//294
//320
//321
//322
//323
//324
		32CA4F630368D1EE00C91783 = {
			fileEncoding = 4;
			isa = PBXFileReference;
			lastKnownFileType = sourcecode.c.h;
			path = IoApp_Prefix.pch;
			refType = 4;
			sourceTree = "<group>";
		};
//320
//321
//322
//323
//324
//4A0
//4A1
//4A2
//4A3
//4A4
		4A9504CCFFE6A4B311CA0CBA = {
			buildSettings = {
				COPY_PHASE_STRIP = NO;
				DEBUGGING_SYMBOLS = YES;
				GCC_DYNAMIC_NO_PIC = NO;
				GCC_ENABLE_FIX_AND_CONTINUE = NO;
				GCC_GENERATE_DEBUGGING_SYMBOLS = YES;
				GCC_OPTIMIZATION_LEVEL = 0;
				HEADER_SEARCH_PATHS = "../../IoVM/_include  ../../IoVM/_include/base ../../IoDesktop/_include";
				OPTIMIZATION_CFLAGS = "-O0";
				ZERO_LINK = NO;
			};
			isa = PBXBuildStyle;
			name = Development;
		};
		4A9504CDFFE6A4B311CA0CBA = {
			buildSettings = {
				COPY_PHASE_STRIP = YES;
				GCC_ENABLE_FIX_AND_CONTINUE = NO;
				ZERO_LINK = NO;
			};
			isa = PBXBuildStyle;
			name = Deployment;
		};
//4A0
//4A1
//4A2
//4A3
//4A4
//8D0
//8D1
//8D2
//8D3
//8D4
		8D1107260486CEB800E47090 = {
			buildPhases = (
				8D1107270486CEB800E47090,
				8D1107290486CEB800E47090,
				8D11072C0486CEB800E47090,
				8D11072E0486CEB800E47090,
			);
			buildRules = (
			);
			buildSettings = {
				FRAMEWORK_SEARCH_PATHS = "";
				GCC_ENABLE_TRIGRAPHS = NO;
				GCC_GENERATE_DEBUGGING_SYMBOLS = NO;
				GCC_OPTIMIZATION_LEVEL = 0;
				GCC_PRECOMPILE_PREFIX_HEADER = YES;
				GCC_PREFIX_HEADER = IoApp_Prefix.pch;
				GCC_WARN_ABOUT_MISSING_PROTOTYPES = NO;
				GCC_WARN_FOUR_CHARACTER_CONSTANTS = NO;
				GCC_WARN_UNKNOWN_PRAGMAS = NO;
				HEADER_SEARCH_PATHS = ../../IoDesktop/_include;
				INFOPLIST_FILE = Info.plist;
				INSTALL_PATH = "$(HOME)/Applications";
				LIBRARY_SEARCH_PATHS = "\"${SRCROOT}/../../IoDesktop/_onelib\" \"${SRCROOT}/../../IoVM/_libs\" /usr/lib/gcc/darwin/3.3 /Users/steve/IoProject/Io/bindings/_libs /Users/steve/IoProject/Io/libs/_libs";
				OTHER_CFLAGS = "";
				OTHER_LDFLAGS = "";
				PREBINDING = NO;
				PRODUCT_NAME = IoApp;
				SECTORDER_FLAGS = "";
				WARNING_CFLAGS = "-Wmost -Wno-four-char-constants -Wno-unknown-pragmas";
				WRAPPER_EXTENSION = app;
				ZERO_LINK = NO;
			};
			dependencies = (
			);
			isa = PBXNativeTarget;
			name = IoApp;
			productInstallPath = "$(HOME)/Applications";
			productName = IoApp;
			productReference = 8D1107320486CEB800E47090;
			productType = "com.apple.product-type.application";
		};
		8D1107270486CEB800E47090 = {
			buildActionMask = 2147483647;
			files = (
				8D1107280486CEB800E47090,
				AA33766606A52DA10034D9B5,
			);
			isa = PBXHeadersBuildPhase;
			runOnlyForDeploymentPostprocessing = 0;
		};
		8D1107280486CEB800E47090 = {
			fileRef = 32CA4F630368D1EE00C91783;
			isa = PBXBuildFile;
			settings = {
			};
		};
		8D1107290486CEB800E47090 = {
			buildActionMask = 2147483647;
			files = (
				8D11072A0486CEB800E47090,
				8D11072B0486CEB800E47090,
				AA18689706A6B4C40098CFA8,
				AA840BBC071A69D5005AE4A1,
			);
			isa = PBXResourcesBuildPhase;
			runOnlyForDeploymentPostprocessing = 0;
		};
		8D11072A0486CEB800E47090 = {
			fileRef = 29B97318FDCFA39411CA2CEA;
			isa = PBXBuildFile;
			settings = {
			};
		};
		8D11072B0486CEB800E47090 = {
			fileRef = 089C165CFE840E0CC02AAC07;
			isa = PBXBuildFile;
			settings = {
			};
		};
		8D11072C0486CEB800E47090 = {
			buildActionMask = 2147483647;
			files = (
				8D11072D0486CEB800E47090,
				AA33766706A52DA10034D9B5,
			);
			isa = PBXSourcesBuildPhase;
			runOnlyForDeploymentPostprocessing = 0;
		};
		8D11072D0486CEB800E47090 = {
			fileRef = 29B97316FDCFA39411CA2CEA;
			isa = PBXBuildFile;
			settings = {
				ATTRIBUTES = (
				);
			};
		};
		8D11072E0486CEB800E47090 = {
			buildActionMask = 2147483647;
			files = (
				8D11072F0486CEB800E47090,
				AA2ACE0506A4D39F00483F52,
				AA33766A06A52EBC0034D9B5,
				AA33766B06A52EBC0034D9B5,
				AA33769106A52ECB0034D9B5,
				AA3376B406A52EE00034D9B5,
				AA33777A06A52F380034D9B5,
				AAB1973106D819D700F77C53,
				AAC428AD07A7B14D00663699,
				AAE813B909025CF80081EFBA,
				AAE813BA09025CF80081EFBA,
				AAE813BB09025CF80081EFBA,
				AAE813BC09025CF80081EFBA,
				AAE813BD09025CF80081EFBA,
				AAE813BE09025CF80081EFBA,
				AAE813BF09025CF80081EFBA,
				AAE813C009025CF80081EFBA,
				AAE813C109025CF80081EFBA,
				AAE813C209025CF80081EFBA,
				AAE813C309025CF80081EFBA,
				AAE813C409025CF80081EFBA,
				AAE813C509025CF80081EFBA,
				AAE813C609025CF80081EFBA,
				AAE813C709025CF80081EFBA,
				AAE813C809025CF80081EFBA,
				AAE813C909025CF80081EFBA,
				AAE813E009025D090081EFBA,
				AAE813E109025D090081EFBA,
				AAE813E209025D090081EFBA,
				AAE813E309025D090081EFBA,
				AAE813E409025D090081EFBA,
				AAE813E509025D090081EFBA,
				AAE813E609025D090081EFBA,
				AAE813E709025D090081EFBA,
				AAE813E809025D090081EFBA,
				AAE813E909025D090081EFBA,
				AAE813EA09025D090081EFBA,
				AAE813EB09025D090081EFBA,
				AAE813EC09025D090081EFBA,
				AAE813ED09025D090081EFBA,
				AAE813EE09025D090081EFBA,
				AAE813EF09025D090081EFBA,
				AAE813F009025D090081EFBA,
				AAE813F109025D090081EFBA,
				AAE813F209025D090081EFBA,
				AAE813F309025D090081EFBA,
				AAE813F409025D090081EFBA,
			);
			isa = PBXFrameworksBuildPhase;
			runOnlyForDeploymentPostprocessing = 0;
		};
		8D11072F0486CEB800E47090 = {
			fileRef = 1058C7A1FEA54F0111CA2CBB;
			isa = PBXBuildFile;
			settings = {
			};
		};
		8D1107310486CEB800E47090 = {
			fileEncoding = 4;
			isa = PBXFileReference;
			lastKnownFileType = text.plist;
			path = Info.plist;
			refType = 4;
			sourceTree = "<group>";
		};
		8D1107320486CEB800E47090 = {
			explicitFileType = wrapper.application;
			includeInIndex = 0;
			isa = PBXFileReference;
			path = IoApp.app;
			refType = 3;
			sourceTree = BUILT_PRODUCTS_DIR;
		};
//8D0
//8D1
//8D2
//8D3
//8D4
//AA0
//AA1
//AA2
//AA3
//AA4
		AA18689606A6B4C40098CFA8 = {
			isa = PBXFileReference;
			lastKnownFileType = image.icns;
			path = Icon.icns;
			refType = 4;
			sourceTree = "<group>";
		};
		AA18689706A6B4C40098CFA8 = {
			fileRef = AA18689606A6B4C40098CFA8;
			isa = PBXBuildFile;
			settings = {
			};
		};
		AA2ACD0E06A4D06600483F52 = {
			children = (
				AAE813CA09025D090081EFBA,
				AAE813A709025CF80081EFBA,
				AAC428AC07A7B14D00663699,
				AA2ACE0406A4D39F00483F52,
			);
			isa = PBXGroup;
			name = Libs;
			refType = 4;
			sourceTree = "<group>";
		};
		AA2ACE0406A4D39F00483F52 = {
			isa = PBXFileReference;
			lastKnownFileType = "compiled.mach-o.dylib";
			name = libz.1.dylib;
			path = /usr/lib/libz.1.dylib;
			refType = 0;
			sourceTree = "<absolute>";
		};
		AA2ACE0506A4D39F00483F52 = {
			fileRef = AA2ACE0406A4D39F00483F52;
			isa = PBXBuildFile;
			settings = {
			};
		};
		AA33766406A52DA10034D9B5 = {
			fileEncoding = 30;
			isa = PBXFileReference;
			lastKnownFileType = sourcecode.c.h;
			path = GLIoView.h;
			refType = 4;
			sourceTree = "<group>";
		};
		AA33766506A52DA10034D9B5 = {
			fileEncoding = 30;
			isa = PBXFileReference;
			lastKnownFileType = sourcecode.c.objc;
			path = GLIoView.m;
			refType = 4;
			sourceTree = "<group>";
		};
		AA33766606A52DA10034D9B5 = {
			fileRef = AA33766406A52DA10034D9B5;
			isa = PBXBuildFile;
			settings = {
			};
		};
		AA33766706A52DA10034D9B5 = {
			fileRef = AA33766506A52DA10034D9B5;
			isa = PBXBuildFile;
			settings = {
			};
		};
		AA33766806A52EBC0034D9B5 = {
			isa = PBXFileReference;
			lastKnownFileType = wrapper.framework;
			name = GLUT.framework;
			path = /System/Library/Frameworks/GLUT.framework;
			refType = 0;
			sourceTree = "<absolute>";
		};
		AA33766906A52EBC0034D9B5 = {
			isa = PBXFileReference;
			lastKnownFileType = wrapper.framework;
			name = OpenGL.framework;
			path = /System/Library/Frameworks/OpenGL.framework;
			refType = 0;
			sourceTree = "<absolute>";
		};
		AA33766A06A52EBC0034D9B5 = {
			fileRef = AA33766806A52EBC0034D9B5;
			isa = PBXBuildFile;
			settings = {
			};
		};
		AA33766B06A52EBC0034D9B5 = {
			fileRef = AA33766906A52EBC0034D9B5;
			isa = PBXBuildFile;
			settings = {
			};
		};
		AA33769006A52ECB0034D9B5 = {
			isa = PBXFileReference;
			lastKnownFileType = wrapper.framework;
			name = Accelerate.framework;
			path = /System/Library/Frameworks/Accelerate.framework;
			refType = 0;
			sourceTree = "<absolute>";
		};
		AA33769106A52ECB0034D9B5 = {
			fileRef = AA33769006A52ECB0034D9B5;
			isa = PBXBuildFile;
			settings = {
			};
		};
		AA3376B306A52EE00034D9B5 = {
			isa = PBXFileReference;
			lastKnownFileType = wrapper.framework;
			name = CoreAudio.framework;
			path = /System/Library/Frameworks/CoreAudio.framework;
			refType = 0;
			sourceTree = "<absolute>";
		};
		AA3376B406A52EE00034D9B5 = {
			fileRef = AA3376B306A52EE00034D9B5;
			isa = PBXBuildFile;
			settings = {
			};
		};
		AA33777806A52F380034D9B5 = {
			isa = PBXFileReference;
			lastKnownFileType = wrapper.framework;
			name = AudioToolbox.framework;
			path = /System/Library/Frameworks/AudioToolbox.framework;
			refType = 0;
			sourceTree = "<absolute>";
		};
		AA33777A06A52F380034D9B5 = {
			fileRef = AA33777806A52F380034D9B5;
			isa = PBXBuildFile;
			settings = {
			};
		};
		AA840BBB071A69D5005AE4A1 = {
			fileEncoding = 30;
			isa = PBXFileReference;
			lastKnownFileType = text;
			path = main.io;
			refType = 4;
			sourceTree = "<group>";
		};
		AA840BBC071A69D5005AE4A1 = {
			fileRef = AA840BBB071A69D5005AE4A1;
			isa = PBXBuildFile;
			settings = {
			};
		};
		AAB1973006D819D700F77C53 = {
			isa = PBXFileReference;
			lastKnownFileType = "compiled.mach-o.dylib";
			name = libncurses.5.dylib;
			path = /usr/lib/libncurses.5.dylib;
			refType = 0;
			sourceTree = "<absolute>";
		};
		AAB1973106D819D700F77C53 = {
			fileRef = AAB1973006D819D700F77C53;
			isa = PBXBuildFile;
			settings = {
			};
		};
		AAC428AC07A7B14D00663699 = {
			isa = PBXFileReference;
			lastKnownFileType = archive.ar;
			name = "libstdc++.a";
			path = "/usr/lib/libstdc++.a";
			refType = 0;
			sourceTree = "<absolute>";
		};
		AAC428AD07A7B14D00663699 = {
			fileRef = AAC428AC07A7B14D00663699;
			isa = PBXBuildFile;
			settings = {
			};
		};
		AAE813A709025CF80081EFBA = {
			children = (
				AAE813A809025CF80081EFBA,
				AAE813A909025CF80081EFBA,
				AAE813AA09025CF80081EFBA,
				AAE813AB09025CF80081EFBA,
				AAE813AC09025CF80081EFBA,
				AAE813AD09025CF80081EFBA,
				AAE813AE09025CF80081EFBA,
				AAE813AF09025CF80081EFBA,
				AAE813B009025CF80081EFBA,
				AAE813B109025CF80081EFBA,
				AAE813B209025CF80081EFBA,
				AAE813B309025CF80081EFBA,
				AAE813B409025CF80081EFBA,
				AAE813B509025CF80081EFBA,
				AAE813B609025CF80081EFBA,
				AAE813B709025CF80081EFBA,
				AAE813B809025CF80081EFBA,
			);
			isa = PBXGroup;
			name = _libs;
			path = ../../bindings/_libs;
			refType = 2;
			sourceTree = SOURCE_ROOT;
		};
		AAE813A809025CF80081EFBA = {
			isa = PBXFileReference;
			lastKnownFileType = archive.ar;
			path = libIoAVector.a;
			refType = 4;
			sourceTree = "<group>";
		};
		AAE813A909025CF80081EFBA = {
			isa = PBXFileReference;
			lastKnownFileType = archive.ar;
			path = libIoBlowfish.a;
			refType = 4;
			sourceTree = "<group>";
		};
		AAE813AA09025CF80081EFBA = {
			isa = PBXFileReference;
			lastKnownFileType = archive.ar;
			path = libIoCurses.a;
			refType = 4;
			sourceTree = "<group>";
		};
		AAE813AB09025CF80081EFBA = {
			isa = PBXFileReference;
			lastKnownFileType = archive.ar;
			path = libIoFnmatch.a;
			refType = 4;
			sourceTree = "<group>";
		};
		AAE813AC09025CF80081EFBA = {
			isa = PBXFileReference;
			lastKnownFileType = archive.ar;
			path = libIoFont.a;
			refType = 4;
			sourceTree = "<group>";
		};
		AAE813AD09025CF80081EFBA = {
			isa = PBXFileReference;
			lastKnownFileType = archive.ar;
			path = libIoImage.a;
			refType = 4;
			sourceTree = "<group>";
		};
		AAE813AE09025CF80081EFBA = {
			isa = PBXFileReference;
			lastKnownFileType = archive.ar;
			path = libIoMD5.a;
			refType = 4;
			sourceTree = "<group>";
		};
		AAE813AF09025CF80081EFBA = {
			isa = PBXFileReference;
			lastKnownFileType = archive.ar;
			path = libIoObjcBridge.a;
			refType = 4;
			sourceTree = "<group>";
		};
		AAE813B009025CF80081EFBA = {
			isa = PBXFileReference;
			lastKnownFileType = archive.ar;
			path = libIoOpenGL.a;
			refType = 4;
			sourceTree = "<group>";
		};
		AAE813B109025CF80081EFBA = {
			isa = PBXFileReference;
			lastKnownFileType = archive.ar;
			path = libIoRegex.a;
			refType = 4;
			sourceTree = "<group>";
		};
		AAE813B209025CF80081EFBA = {
			isa = PBXFileReference;
			lastKnownFileType = archive.ar;
			path = libIoSGML.a;
			refType = 4;
			sourceTree = "<group>";
		};
		AAE813B309025CF80081EFBA = {
			isa = PBXFileReference;
			lastKnownFileType = archive.ar;
			path = libIoSHA1.a;
			refType = 4;
			sourceTree = "<group>";
		};
		AAE813B409025CF80081EFBA = {
			isa = PBXFileReference;
			lastKnownFileType = archive.ar;
			path = libIoSockets.a;
			refType = 4;
			sourceTree = "<group>";
		};
		AAE813B509025CF80081EFBA = {
			isa = PBXFileReference;
			lastKnownFileType = archive.ar;
			path = libIoSQLite.a;
			refType = 4;
			sourceTree = "<group>";
		};
		AAE813B609025CF80081EFBA = {
			isa = PBXFileReference;
			lastKnownFileType = archive.ar;
			path = libIoSQLite3.a;
			refType = 4;
			sourceTree = "<group>";
		};
		AAE813B709025CF80081EFBA = {
			isa = PBXFileReference;
			lastKnownFileType = archive.ar;
			path = libIoSyslog.a;
			refType = 4;
			sourceTree = "<group>";
		};
		AAE813B809025CF80081EFBA = {
			isa = PBXFileReference;
			lastKnownFileType = archive.ar;
			path = libIoUser.a;
			refType = 4;
			sourceTree = "<group>";
		};
		AAE813B909025CF80081EFBA = {
			fileRef = AAE813A809025CF80081EFBA;
			isa = PBXBuildFile;
			settings = {
			};
		};
		AAE813BA09025CF80081EFBA = {
			fileRef = AAE813A909025CF80081EFBA;
			isa = PBXBuildFile;
			settings = {
			};
		};
		AAE813BB09025CF80081EFBA = {
			fileRef = AAE813AA09025CF80081EFBA;
			isa = PBXBuildFile;
			settings = {
			};
		};
		AAE813BC09025CF80081EFBA = {
			fileRef = AAE813AB09025CF80081EFBA;
			isa = PBXBuildFile;
			settings = {
			};
		};
		AAE813BD09025CF80081EFBA = {
			fileRef = AAE813AC09025CF80081EFBA;
			isa = PBXBuildFile;
			settings = {
			};
		};
		AAE813BE09025CF80081EFBA = {
			fileRef = AAE813AD09025CF80081EFBA;
			isa = PBXBuildFile;
			settings = {
			};
		};
		AAE813BF09025CF80081EFBA = {
			fileRef = AAE813AE09025CF80081EFBA;
			isa = PBXBuildFile;
			settings = {
			};
		};
		AAE813C009025CF80081EFBA = {
			fileRef = AAE813AF09025CF80081EFBA;
			isa = PBXBuildFile;
			settings = {
			};
		};
		AAE813C109025CF80081EFBA = {
			fileRef = AAE813B009025CF80081EFBA;
			isa = PBXBuildFile;
			settings = {
			};
		};
		AAE813C209025CF80081EFBA = {
			fileRef = AAE813B109025CF80081EFBA;
			isa = PBXBuildFile;
			settings = {
			};
		};
		AAE813C309025CF80081EFBA = {
			fileRef = AAE813B209025CF80081EFBA;
			isa = PBXBuildFile;
			settings = {
			};
		};
		AAE813C409025CF80081EFBA = {
			fileRef = AAE813B309025CF80081EFBA;
			isa = PBXBuildFile;
			settings = {
			};
		};
		AAE813C509025CF80081EFBA = {
			fileRef = AAE813B409025CF80081EFBA;
			isa = PBXBuildFile;
			settings = {
			};
		};
		AAE813C609025CF80081EFBA = {
			fileRef = AAE813B509025CF80081EFBA;
			isa = PBXBuildFile;
			settings = {
			};
		};
		AAE813C709025CF80081EFBA = {
			fileRef = AAE813B609025CF80081EFBA;
			isa = PBXBuildFile;
			settings = {
			};
		};
		AAE813C809025CF80081EFBA = {
			fileRef = AAE813B709025CF80081EFBA;
			isa = PBXBuildFile;
			settings = {
			};
		};
		AAE813C909025CF80081EFBA = {
			fileRef = AAE813B809025CF80081EFBA;
			isa = PBXBuildFile;
			settings = {
			};
		};
		AAE813CA09025D090081EFBA = {
			children = (
				AAE813CB09025D090081EFBA,
				AAE813CC09025D090081EFBA,
				AAE813CD09025D090081EFBA,
				AAE813CE09025D090081EFBA,
				AAE813CF09025D090081EFBA,
				AAE813D009025D090081EFBA,
				AAE813D109025D090081EFBA,
				AAE813D209025D090081EFBA,
				AAE813D309025D090081EFBA,
				AAE813D409025D090081EFBA,
				AAE813D509025D090081EFBA,
				AAE813D609025D090081EFBA,
				AAE813D709025D090081EFBA,
				AAE813D809025D090081EFBA,
				AAE813D909025D090081EFBA,
				AAE813DA09025D090081EFBA,
				AAE813DB09025D090081EFBA,
				AAE813DC09025D090081EFBA,
				AAE813DD09025D090081EFBA,
				AAE813DE09025D090081EFBA,
				AAE813DF09025D090081EFBA,
			);
			isa = PBXGroup;
			name = _libs;
			path = ../../libs/_libs;
			refType = 2;
			sourceTree = SOURCE_ROOT;
		};
		AAE813CB09025D090081EFBA = {
			isa = PBXFileReference;
			lastKnownFileType = archive.ar;
			path = libavcodec.a;
			refType = 4;
			sourceTree = "<group>";
		};
		AAE813CC09025D090081EFBA = {
			isa = PBXFileReference;
			lastKnownFileType = archive.ar;
			path = libavformat.a;
			refType = 4;
			sourceTree = "<group>";
		};
		AAE813CD09025D090081EFBA = {
			isa = PBXFileReference;
			lastKnownFileType = archive.ar;
			path = libevent.a;
			refType = 4;
			sourceTree = "<group>";
		};
		AAE813CE09025D090081EFBA = {
			isa = PBXFileReference;
			lastKnownFileType = archive.ar;
			path = libfreetype.a;
			refType = 4;
			sourceTree = "<group>";
		};
		AAE813CF09025D090081EFBA = {
			isa = PBXFileReference;
			lastKnownFileType = archive.ar;
			path = libg72x.a;
			refType = 4;
			sourceTree = "<group>";
		};
		AAE813D009025D090081EFBA = {
			isa = PBXFileReference;
			lastKnownFileType = archive.ar;
			path = libgsm.a;
			refType = 4;
			sourceTree = "<group>";
		};
		AAE813D109025D090081EFBA = {
			isa = PBXFileReference;
			lastKnownFileType = archive.ar;
			path = libjpeg.a;
			refType = 4;
			sourceTree = "<group>";
		};
		AAE813D209025D090081EFBA = {
			isa = PBXFileReference;
			lastKnownFileType = archive.ar;
			path = libmad.a;
			refType = 4;
			sourceTree = "<group>";
		};
		AAE813D309025D090081EFBA = {
			isa = PBXFileReference;
			lastKnownFileType = archive.ar;
			path = libmp3lame.a;
			refType = 4;
			sourceTree = "<group>";
		};
		AAE813D409025D090081EFBA = {
			isa = PBXFileReference;
			lastKnownFileType = archive.ar;
			path = libmpgdecoder.a;
			refType = 4;
			sourceTree = "<group>";
		};
		AAE813D509025D090081EFBA = {
			isa = PBXFileReference;
			lastKnownFileType = archive.ar;
			path = libpcre.a;
			refType = 4;
			sourceTree = "<group>";
		};
		AAE813D609025D090081EFBA = {
			isa = PBXFileReference;
			lastKnownFileType = archive.ar;
			path = libpcreposix.a;
			refType = 4;
			sourceTree = "<group>";
		};
		AAE813D709025D090081EFBA = {
			isa = PBXFileReference;
			lastKnownFileType = archive.ar;
			path = libpng.a;
			refType = 4;
			sourceTree = "<group>";
		};
		AAE813D809025D090081EFBA = {
			isa = PBXFileReference;
			lastKnownFileType = archive.ar;
			path = libportaudio.a;
			refType = 4;
			sourceTree = "<group>";
		};
		AAE813D909025D090081EFBA = {
			isa = PBXFileReference;
			lastKnownFileType = archive.ar;
			path = libsgml.a;
			refType = 4;
			sourceTree = "<group>";
		};
		AAE813DA09025D090081EFBA = {
			isa = PBXFileReference;
			lastKnownFileType = archive.ar;
			path = libsndfile.a;
			refType = 4;
			sourceTree = "<group>";
		};
		AAE813DB09025D090081EFBA = {
			isa = PBXFileReference;
			lastKnownFileType = archive.ar;
			path = libSoundTouch.a;
			refType = 4;
			sourceTree = "<group>";
		};
		AAE813DC09025D090081EFBA = {
			isa = PBXFileReference;
			lastKnownFileType = archive.ar;
			path = libsqlite.a;
			refType = 4;
			sourceTree = "<group>";
		};
		AAE813DD09025D090081EFBA = {
			isa = PBXFileReference;
			lastKnownFileType = archive.ar;
			path = libsqlite3.a;
			refType = 4;
			sourceTree = "<group>";
		};
		AAE813DE09025D090081EFBA = {
			isa = PBXFileReference;
			lastKnownFileType = archive.ar;
			path = libtiff.a;
			refType = 4;
			sourceTree = "<group>";
		};
		AAE813DF09025D090081EFBA = {
			isa = PBXFileReference;
			lastKnownFileType = archive.ar;
			path = libz.a;
			refType = 4;
			sourceTree = "<group>";
		};
		AAE813E009025D090081EFBA = {
			fileRef = AAE813CB09025D090081EFBA;
			isa = PBXBuildFile;
			settings = {
			};
		};
		AAE813E109025D090081EFBA = {
			fileRef = AAE813CC09025D090081EFBA;
			isa = PBXBuildFile;
			settings = {
			};
		};
		AAE813E209025D090081EFBA = {
			fileRef = AAE813CD09025D090081EFBA;
			isa = PBXBuildFile;
			settings = {
			};
		};
		AAE813E309025D090081EFBA = {
			fileRef = AAE813CE09025D090081EFBA;
			isa = PBXBuildFile;
			settings = {
			};
		};
		AAE813E409025D090081EFBA = {
			fileRef = AAE813CF09025D090081EFBA;
			isa = PBXBuildFile;
			settings = {
			};
		};
		AAE813E509025D090081EFBA = {
			fileRef = AAE813D009025D090081EFBA;
			isa = PBXBuildFile;
			settings = {
			};
		};
		AAE813E609025D090081EFBA = {
			fileRef = AAE813D109025D090081EFBA;
			isa = PBXBuildFile;
			settings = {
			};
		};
		AAE813E709025D090081EFBA = {
			fileRef = AAE813D209025D090081EFBA;
			isa = PBXBuildFile;
			settings = {
			};
		};
		AAE813E809025D090081EFBA = {
			fileRef = AAE813D309025D090081EFBA;
			isa = PBXBuildFile;
			settings = {
			};
		};
		AAE813E909025D090081EFBA = {
			fileRef = AAE813D409025D090081EFBA;
			isa = PBXBuildFile;
			settings = {
			};
		};
		AAE813EA09025D090081EFBA = {
			fileRef = AAE813D509025D090081EFBA;
			isa = PBXBuildFile;
			settings = {
			};
		};
		AAE813EB09025D090081EFBA = {
			fileRef = AAE813D609025D090081EFBA;
			isa = PBXBuildFile;
			settings = {
			};
		};
		AAE813EC09025D090081EFBA = {
			fileRef = AAE813D709025D090081EFBA;
			isa = PBXBuildFile;
			settings = {
			};
		};
		AAE813ED09025D090081EFBA = {
			fileRef = AAE813D809025D090081EFBA;
			isa = PBXBuildFile;
			settings = {
			};
		};
		AAE813EE09025D090081EFBA = {
			fileRef = AAE813D909025D090081EFBA;
			isa = PBXBuildFile;
			settings = {
			};
		};
		AAE813EF09025D090081EFBA = {
			fileRef = AAE813DA09025D090081EFBA;
			isa = PBXBuildFile;
			settings = {
			};
		};
		AAE813F009025D090081EFBA = {
			fileRef = AAE813DB09025D090081EFBA;
			isa = PBXBuildFile;
			settings = {
			};
		};
		AAE813F109025D090081EFBA = {
			fileRef = AAE813DC09025D090081EFBA;
			isa = PBXBuildFile;
			settings = {
			};
		};
		AAE813F209025D090081EFBA = {
			fileRef = AAE813DD09025D090081EFBA;
			isa = PBXBuildFile;
			settings = {
			};
		};
		AAE813F309025D090081EFBA = {
			fileRef = AAE813DE09025D090081EFBA;
			isa = PBXBuildFile;
			settings = {
			};
		};
		AAE813F409025D090081EFBA = {
			fileRef = AAE813DF09025D090081EFBA;
			isa = PBXBuildFile;
			settings = {
			};
		};
	};
	rootObject = 29B97313FDCFA39411CA2CEA;
}
