// !$*UTF8*$!
{
	archiveVersion = 1;
	classes = {
	};
	objectVersion = 42;
	objects = {

/* Begin PBXBuildFile section */
		8DD76FB00486AB0100D96B5E /* skipdb.1 in CopyFiles */ = {isa = PBXBuildFile; fileRef = C6A0FF2C0290799A04C91782 /* skipdb.1 */; };
		AA316BB10B37CD10008BCB9B /* JFile.c in Sources */ = {isa = PBXBuildFile; fileRef = AA316B9F0B37CD10008BCB9B /* JFile.c */; };
		AA316BB20B37CD10008BCB9B /* JFile.h in CopyFiles */ = {isa = PBXBuildFile; fileRef = AA316BA00B37CD10008BCB9B /* JFile.h */; };
		AA316BB30B37CD10008BCB9B /* SkipDB.c in Sources */ = {isa = PBXBuildFile; fileRef = AA316BA10B37CD10008BCB9B /* SkipDB.c */; };
		AA316BB40B37CD10008BCB9B /* SkipDB.h in CopyFiles */ = {isa = PBXBuildFile; fileRef = AA316BA20B37CD10008BCB9B /* SkipDB.h */; };
		AA316BB50B37CD10008BCB9B /* SkipDBCursor.c in Sources */ = {isa = PBXBuildFile; fileRef = AA316BA30B37CD10008BCB9B /* SkipDBCursor.c */; };
		AA316BB60B37CD10008BCB9B /* SkipDBCursor.h in CopyFiles */ = {isa = PBXBuildFile; fileRef = AA316BA40B37CD10008BCB9B /* SkipDBCursor.h */; };
		AA316BB70B37CD10008BCB9B /* SkipDBM.c in Sources */ = {isa = PBXBuildFile; fileRef = AA316BA50B37CD10008BCB9B /* SkipDBM.c */; };
		AA316BB80B37CD10008BCB9B /* SkipDBM.h in CopyFiles */ = {isa = PBXBuildFile; fileRef = AA316BA60B37CD10008BCB9B /* SkipDBM.h */; };
		AA316BB90B37CD10008BCB9B /* SkipDBRecord.c in Sources */ = {isa = PBXBuildFile; fileRef = AA316BA70B37CD10008BCB9B /* SkipDBRecord.c */; };
		AA316BBA0B37CD10008BCB9B /* SkipDBRecord.h in CopyFiles */ = {isa = PBXBuildFile; fileRef = AA316BA80B37CD10008BCB9B /* SkipDBRecord.h */; };
		AA316BBB0B37CD10008BCB9B /* UDB.c in Sources */ = {isa = PBXBuildFile; fileRef = AA316BA90B37CD10008BCB9B /* UDB.c */; };
		AA316BBC0B37CD10008BCB9B /* UDB.h in CopyFiles */ = {isa = PBXBuildFile; fileRef = AA316BAA0B37CD10008BCB9B /* UDB.h */; };
		AA316BBD0B37CD10008BCB9B /* UDBIndex.c in Sources */ = {isa = PBXBuildFile; fileRef = AA316BAB0B37CD10008BCB9B /* UDBIndex.c */; };
		AA316BBE0B37CD10008BCB9B /* UDBIndex.h in CopyFiles */ = {isa = PBXBuildFile; fileRef = AA316BAC0B37CD10008BCB9B /* UDBIndex.h */; };
		AA316BBF0B37CD10008BCB9B /* UDBRecord.c in Sources */ = {isa = PBXBuildFile; fileRef = AA316BAD0B37CD10008BCB9B /* UDBRecord.c */; };
		AA316BC00B37CD10008BCB9B /* UDBRecord.h in CopyFiles */ = {isa = PBXBuildFile; fileRef = AA316BAE0B37CD10008BCB9B /* UDBRecord.h */; };
		AA316BC10B37CD10008BCB9B /* UDBRecords.c in Sources */ = {isa = PBXBuildFile; fileRef = AA316BAF0B37CD10008BCB9B /* UDBRecords.c */; };
		AA316BC20B37CD10008BCB9B /* UDBRecords.h in CopyFiles */ = {isa = PBXBuildFile; fileRef = AA316BB00B37CD10008BCB9B /* UDBRecords.h */; };
		AA316BC60B37CD39008BCB9B /* skipdbtest.c in Sources */ = {isa = PBXBuildFile; fileRef = AA316BC50B37CD39008BCB9B /* skipdbtest.c */; };
		AA316CA00B37CD51008BCB9B /* Base.h in CopyFiles */ = {isa = PBXBuildFile; fileRef = AA316C1E0B37CD51008BCB9B /* Base.h */; };
		AA316CA10B37CD51008BCB9B /* BStream.c in Sources */ = {isa = PBXBuildFile; fileRef = AA316C1F0B37CD51008BCB9B /* BStream.c */; };
		AA316CA20B37CD51008BCB9B /* BStream.h in CopyFiles */ = {isa = PBXBuildFile; fileRef = AA316C200B37CD51008BCB9B /* BStream.h */; };
		AA316CA30B37CD51008BCB9B /* BStreamTag.c in Sources */ = {isa = PBXBuildFile; fileRef = AA316C210B37CD51008BCB9B /* BStreamTag.c */; };
		AA316CA40B37CD51008BCB9B /* BStreamTag.h in CopyFiles */ = {isa = PBXBuildFile; fileRef = AA316C220B37CD51008BCB9B /* BStreamTag.h */; };
		AA316CA50B37CD51008BCB9B /* ByteArray.c in Sources */ = {isa = PBXBuildFile; fileRef = AA316C230B37CD51008BCB9B /* ByteArray.c */; };
		AA316CA60B37CD51008BCB9B /* ByteArray.h in CopyFiles */ = {isa = PBXBuildFile; fileRef = AA316C240B37CD51008BCB9B /* ByteArray.h */; };
		AA316CA70B37CD51008BCB9B /* ByteArray_inline.h in CopyFiles */ = {isa = PBXBuildFile; fileRef = AA316C250B37CD51008BCB9B /* ByteArray_inline.h */; };
		AA316CA80B37CD51008BCB9B /* Common.c in Sources */ = {isa = PBXBuildFile; fileRef = AA316C260B37CD51008BCB9B /* Common.c */; };
		AA316CA90B37CD51008BCB9B /* Common.h in CopyFiles */ = {isa = PBXBuildFile; fileRef = AA316C270B37CD51008BCB9B /* Common.h */; };
		AA316CAA0B37CD51008BCB9B /* Common_inline.h in CopyFiles */ = {isa = PBXBuildFile; fileRef = AA316C280B37CD51008BCB9B /* Common_inline.h */; };
		AA316CAB0B37CD51008BCB9B /* Date.c in Sources */ = {isa = PBXBuildFile; fileRef = AA316C290B37CD51008BCB9B /* Date.c */; };
		AA316CAC0B37CD51008BCB9B /* Date.h in CopyFiles */ = {isa = PBXBuildFile; fileRef = AA316C2A0B37CD51008BCB9B /* Date.h */; };
		AA316CAD0B37CD51008BCB9B /* Datum.c in Sources */ = {isa = PBXBuildFile; fileRef = AA316C2B0B37CD51008BCB9B /* Datum.c */; };
		AA316CAE0B37CD51008BCB9B /* Datum.h in CopyFiles */ = {isa = PBXBuildFile; fileRef = AA316C2C0B37CD51008BCB9B /* Datum.h */; };
		AA316CAF0B37CD51008BCB9B /* Duration.c in Sources */ = {isa = PBXBuildFile; fileRef = AA316C2D0B37CD51008BCB9B /* Duration.c */; };
		AA316CB00B37CD51008BCB9B /* Duration.h in CopyFiles */ = {isa = PBXBuildFile; fileRef = AA316C2E0B37CD51008BCB9B /* Duration.h */; };
		AA316CB10B37CD51008BCB9B /* DynLib.c in Sources */ = {isa = PBXBuildFile; fileRef = AA316C2F0B37CD51008BCB9B /* DynLib.c */; };
		AA316CB20B37CD51008BCB9B /* DynLib.h in CopyFiles */ = {isa = PBXBuildFile; fileRef = AA316C300B37CD51008BCB9B /* DynLib.h */; };
		AA316CB30B37CD51008BCB9B /* Hash.c in Sources */ = {isa = PBXBuildFile; fileRef = AA316C310B37CD51008BCB9B /* Hash.c */; };
		AA316CB40B37CD51008BCB9B /* Hash.h in CopyFiles */ = {isa = PBXBuildFile; fileRef = AA316C320B37CD51008BCB9B /* Hash.h */; };
		AA316CB50B37CD51008BCB9B /* Hash_inline.h in CopyFiles */ = {isa = PBXBuildFile; fileRef = AA316C330B37CD51008BCB9B /* Hash_inline.h */; };
		AA316CB60B37CD51008BCB9B /* List.c in Sources */ = {isa = PBXBuildFile; fileRef = AA316C340B37CD51008BCB9B /* List.c */; };
		AA316CB70B37CD51008BCB9B /* List.h in CopyFiles */ = {isa = PBXBuildFile; fileRef = AA316C350B37CD51008BCB9B /* List.h */; };
		AA316CB80B37CD51008BCB9B /* List_inline.h in CopyFiles */ = {isa = PBXBuildFile; fileRef = AA316C360B37CD51008BCB9B /* List_inline.h */; };
		AA316CB90B37CD51008BCB9B /* MainArgs.c in Sources */ = {isa = PBXBuildFile; fileRef = AA316C370B37CD51008BCB9B /* MainArgs.c */; };
		AA316CBA0B37CD51008BCB9B /* MainArgs.h in CopyFiles */ = {isa = PBXBuildFile; fileRef = AA316C380B37CD51008BCB9B /* MainArgs.h */; };
		AA316CBB0B37CD51008BCB9B /* PHash.c in Sources */ = {isa = PBXBuildFile; fileRef = AA316C390B37CD51008BCB9B /* PHash.c */; };
		AA316CBC0B37CD51008BCB9B /* PHash.h in CopyFiles */ = {isa = PBXBuildFile; fileRef = AA316C3A0B37CD51008BCB9B /* PHash.h */; };
		AA316CBD0B37CD51008BCB9B /* PHash_inline.h in CopyFiles */ = {isa = PBXBuildFile; fileRef = AA316C3B0B37CD51008BCB9B /* PHash_inline.h */; };
		AA316CBE0B37CD51008BCB9B /* PortableGettimeofday.c in Sources */ = {isa = PBXBuildFile; fileRef = AA316C3C0B37CD51008BCB9B /* PortableGettimeofday.c */; };
		AA316CBF0B37CD51008BCB9B /* PortableGettimeofday.h in CopyFiles */ = {isa = PBXBuildFile; fileRef = AA316C3D0B37CD51008BCB9B /* PortableGettimeofday.h */; };
		AA316CC00B37CD51008BCB9B /* PortableSnprintf.c in Sources */ = {isa = PBXBuildFile; fileRef = AA316C3E0B37CD51008BCB9B /* PortableSnprintf.c */; };
		AA316CC10B37CD51008BCB9B /* PortableStdint.h in CopyFiles */ = {isa = PBXBuildFile; fileRef = AA316C3F0B37CD51008BCB9B /* PortableStdint.h */; };
		AA316CC20B37CD51008BCB9B /* PortableStrlcpy.c in Sources */ = {isa = PBXBuildFile; fileRef = AA316C400B37CD51008BCB9B /* PortableStrlcpy.c */; };
		AA316CC30B37CD51008BCB9B /* PortableStrlcpy.h in CopyFiles */ = {isa = PBXBuildFile; fileRef = AA316C410B37CD51008BCB9B /* PortableStrlcpy.h */; };
		AA316CC40B37CD51008BCB9B /* PortableStrptime.c in Sources */ = {isa = PBXBuildFile; fileRef = AA316C420B37CD51008BCB9B /* PortableStrptime.c */; };
		AA316CC50B37CD51008BCB9B /* PortableStrptime.h in CopyFiles */ = {isa = PBXBuildFile; fileRef = AA316C430B37CD51008BCB9B /* PortableStrptime.h */; };
		AA316CC60B37CD51008BCB9B /* PortableTruncate.c in Sources */ = {isa = PBXBuildFile; fileRef = AA316C440B37CD51008BCB9B /* PortableTruncate.c */; };
		AA316CC70B37CD51008BCB9B /* PortableTruncate.h in CopyFiles */ = {isa = PBXBuildFile; fileRef = AA316C450B37CD51008BCB9B /* PortableTruncate.h */; };
		AA316CC80B37CD51008BCB9B /* PortableUsleep.c in Sources */ = {isa = PBXBuildFile; fileRef = AA316C460B37CD51008BCB9B /* PortableUsleep.c */; };
		AA316CC90B37CD51008BCB9B /* PortableUsleep.h in CopyFiles */ = {isa = PBXBuildFile; fileRef = AA316C470B37CD51008BCB9B /* PortableUsleep.h */; };
		AA316CCA0B37CD51008BCB9B /* RandomGen.c in Sources */ = {isa = PBXBuildFile; fileRef = AA316C480B37CD51008BCB9B /* RandomGen.c */; };
		AA316CCB0B37CD51008BCB9B /* RandomGen.h in CopyFiles */ = {isa = PBXBuildFile; fileRef = AA316C490B37CD51008BCB9B /* RandomGen.h */; };
		AA316CCC0B37CD51008BCB9B /* Sorting.c in Sources */ = {isa = PBXBuildFile; fileRef = AA316C4A0B37CD51008BCB9B /* Sorting.c */; };
		AA316CCD0B37CD51008BCB9B /* Sorting.h in CopyFiles */ = {isa = PBXBuildFile; fileRef = AA316C4B0B37CD51008BCB9B /* Sorting.h */; };
		AA316CCE0B37CD51008BCB9B /* Stack.c in Sources */ = {isa = PBXBuildFile; fileRef = AA316C4C0B37CD51008BCB9B /* Stack.c */; };
		AA316CCF0B37CD51008BCB9B /* Stack.h in CopyFiles */ = {isa = PBXBuildFile; fileRef = AA316C4D0B37CD51008BCB9B /* Stack.h */; };
		AA316CD00B37CD51008BCB9B /* Stack_inline.h in CopyFiles */ = {isa = PBXBuildFile; fileRef = AA316C4E0B37CD51008BCB9B /* Stack_inline.h */; };
		AA316CD10B37CD51008BCB9B /* UTinstant.c in Sources */ = {isa = PBXBuildFile; fileRef = AA316C4F0B37CD51008BCB9B /* UTinstant.c */; };
		AA316CD20B37CD51008BCB9B /* UTinstant.h in CopyFiles */ = {isa = PBXBuildFile; fileRef = AA316C500B37CD51008BCB9B /* UTinstant.h */; };
		AA316CD30B37CD51008BCB9B /* UTzones.c in Sources */ = {isa = PBXBuildFile; fileRef = AA316C510B37CD51008BCB9B /* UTzones.c */; };
		AA316CD40B37CD51008BCB9B /* UTzones.h in CopyFiles */ = {isa = PBXBuildFile; fileRef = AA316C520B37CD51008BCB9B /* UTzones.h */; };
/* End PBXBuildFile section */

/* Begin PBXCopyFilesBuildPhase section */
		8DD76FAF0486AB0100D96B5E /* CopyFiles */ = {
			isa = PBXCopyFilesBuildPhase;
			buildActionMask = 8;
			dstPath = /usr/share/man/man1/;
			dstSubfolderSpec = 0;
			files = (
				8DD76FB00486AB0100D96B5E /* skipdb.1 in CopyFiles */,
				AA316BB20B37CD10008BCB9B /* JFile.h in CopyFiles */,
				AA316BB40B37CD10008BCB9B /* SkipDB.h in CopyFiles */,
				AA316BB60B37CD10008BCB9B /* SkipDBCursor.h in CopyFiles */,
				AA316BB80B37CD10008BCB9B /* SkipDBM.h in CopyFiles */,
				AA316BBA0B37CD10008BCB9B /* SkipDBRecord.h in CopyFiles */,
				AA316BBC0B37CD10008BCB9B /* UDB.h in CopyFiles */,
				AA316BBE0B37CD10008BCB9B /* UDBIndex.h in CopyFiles */,
				AA316BC00B37CD10008BCB9B /* UDBRecord.h in CopyFiles */,
				AA316BC20B37CD10008BCB9B /* UDBRecords.h in CopyFiles */,
				AA316CA00B37CD51008BCB9B /* Base.h in CopyFiles */,
				AA316CA20B37CD51008BCB9B /* BStream.h in CopyFiles */,
				AA316CA40B37CD51008BCB9B /* BStreamTag.h in CopyFiles */,
				AA316CA60B37CD51008BCB9B /* ByteArray.h in CopyFiles */,
				AA316CA70B37CD51008BCB9B /* ByteArray_inline.h in CopyFiles */,
				AA316CA90B37CD51008BCB9B /* Common.h in CopyFiles */,
				AA316CAA0B37CD51008BCB9B /* Common_inline.h in CopyFiles */,
				AA316CAC0B37CD51008BCB9B /* Date.h in CopyFiles */,
				AA316CAE0B37CD51008BCB9B /* Datum.h in CopyFiles */,
				AA316CB00B37CD51008BCB9B /* Duration.h in CopyFiles */,
				AA316CB20B37CD51008BCB9B /* DynLib.h in CopyFiles */,
				AA316CB40B37CD51008BCB9B /* Hash.h in CopyFiles */,
				AA316CB50B37CD51008BCB9B /* Hash_inline.h in CopyFiles */,
				AA316CB70B37CD51008BCB9B /* List.h in CopyFiles */,
				AA316CB80B37CD51008BCB9B /* List_inline.h in CopyFiles */,
				AA316CBA0B37CD51008BCB9B /* MainArgs.h in CopyFiles */,
				AA316CBC0B37CD51008BCB9B /* PHash.h in CopyFiles */,
				AA316CBD0B37CD51008BCB9B /* PHash_inline.h in CopyFiles */,
				AA316CBF0B37CD51008BCB9B /* PortableGettimeofday.h in CopyFiles */,
				AA316CC10B37CD51008BCB9B /* PortableStdint.h in CopyFiles */,
				AA316CC30B37CD51008BCB9B /* PortableStrlcpy.h in CopyFiles */,
				AA316CC50B37CD51008BCB9B /* PortableStrptime.h in CopyFiles */,
				AA316CC70B37CD51008BCB9B /* PortableTruncate.h in CopyFiles */,
				AA316CC90B37CD51008BCB9B /* PortableUsleep.h in CopyFiles */,
				AA316CCB0B37CD51008BCB9B /* RandomGen.h in CopyFiles */,
				AA316CCD0B37CD51008BCB9B /* Sorting.h in CopyFiles */,
				AA316CCF0B37CD51008BCB9B /* Stack.h in CopyFiles */,
				AA316CD00B37CD51008BCB9B /* Stack_inline.h in CopyFiles */,
				AA316CD20B37CD51008BCB9B /* UTinstant.h in CopyFiles */,
				AA316CD40B37CD51008BCB9B /* UTzones.h in CopyFiles */,
			);
			runOnlyForDeploymentPostprocessing = 1;
		};
/* End PBXCopyFilesBuildPhase section */

/* Begin PBXFileReference section */
		8DD76FB20486AB0100D96B5E /* skipdb */ = {isa = PBXFileReference; explicitFileType = "compiled.mach-o.executable"; includeInIndex = 0; path = skipdb; sourceTree = BUILT_PRODUCTS_DIR; };
		AA316B9F0B37CD10008BCB9B /* JFile.c */ = {isa = PBXFileReference; fileEncoding = 30; lastKnownFileType = sourcecode.c.c; name = JFile.c; path = ../../../source/JFile.c; sourceTree = SOURCE_ROOT; };
		AA316BA00B37CD10008BCB9B /* JFile.h */ = {isa = PBXFileReference; fileEncoding = 30; lastKnownFileType = sourcecode.c.h; name = JFile.h; path = ../../../source/JFile.h; sourceTree = SOURCE_ROOT; };
		AA316BA10B37CD10008BCB9B /* SkipDB.c */ = {isa = PBXFileReference; fileEncoding = 30; lastKnownFileType = sourcecode.c.c; name = SkipDB.c; path = ../../../source/SkipDB.c; sourceTree = SOURCE_ROOT; };
		AA316BA20B37CD10008BCB9B /* SkipDB.h */ = {isa = PBXFileReference; fileEncoding = 30; lastKnownFileType = sourcecode.c.h; name = SkipDB.h; path = ../../../source/SkipDB.h; sourceTree = SOURCE_ROOT; };
		AA316BA30B37CD10008BCB9B /* SkipDBCursor.c */ = {isa = PBXFileReference; fileEncoding = 30; lastKnownFileType = sourcecode.c.c; name = SkipDBCursor.c; path = ../../../source/SkipDBCursor.c; sourceTree = SOURCE_ROOT; };
		AA316BA40B37CD10008BCB9B /* SkipDBCursor.h */ = {isa = PBXFileReference; fileEncoding = 30; lastKnownFileType = sourcecode.c.h; name = SkipDBCursor.h; path = ../../../source/SkipDBCursor.h; sourceTree = SOURCE_ROOT; };
		AA316BA50B37CD10008BCB9B /* SkipDBM.c */ = {isa = PBXFileReference; fileEncoding = 30; lastKnownFileType = sourcecode.c.c; name = SkipDBM.c; path = ../../../source/SkipDBM.c; sourceTree = SOURCE_ROOT; };
		AA316BA60B37CD10008BCB9B /* SkipDBM.h */ = {isa = PBXFileReference; fileEncoding = 30; lastKnownFileType = sourcecode.c.h; name = SkipDBM.h; path = ../../../source/SkipDBM.h; sourceTree = SOURCE_ROOT; };
		AA316BA70B37CD10008BCB9B /* SkipDBRecord.c */ = {isa = PBXFileReference; fileEncoding = 30; lastKnownFileType = sourcecode.c.c; name = SkipDBRecord.c; path = ../../../source/SkipDBRecord.c; sourceTree = SOURCE_ROOT; };
		AA316BA80B37CD10008BCB9B /* SkipDBRecord.h */ = {isa = PBXFileReference; fileEncoding = 30; lastKnownFileType = sourcecode.c.h; name = SkipDBRecord.h; path = ../../../source/SkipDBRecord.h; sourceTree = SOURCE_ROOT; };
		AA316BA90B37CD10008BCB9B /* UDB.c */ = {isa = PBXFileReference; fileEncoding = 30; lastKnownFileType = sourcecode.c.c; name = UDB.c; path = ../../../source/UDB.c; sourceTree = SOURCE_ROOT; };
		AA316BAA0B37CD10008BCB9B /* UDB.h */ = {isa = PBXFileReference; fileEncoding = 30; lastKnownFileType = sourcecode.c.h; name = UDB.h; path = ../../../source/UDB.h; sourceTree = SOURCE_ROOT; };
		AA316BAB0B37CD10008BCB9B /* UDBIndex.c */ = {isa = PBXFileReference; fileEncoding = 30; lastKnownFileType = sourcecode.c.c; name = UDBIndex.c; path = ../../../source/UDBIndex.c; sourceTree = SOURCE_ROOT; };
		AA316BAC0B37CD10008BCB9B /* UDBIndex.h */ = {isa = PBXFileReference; fileEncoding = 30; lastKnownFileType = sourcecode.c.h; name = UDBIndex.h; path = ../../../source/UDBIndex.h; sourceTree = SOURCE_ROOT; };
		AA316BAD0B37CD10008BCB9B /* UDBRecord.c */ = {isa = PBXFileReference; fileEncoding = 30; lastKnownFileType = sourcecode.c.c; name = UDBRecord.c; path = ../../../source/UDBRecord.c; sourceTree = SOURCE_ROOT; };
		AA316BAE0B37CD10008BCB9B /* UDBRecord.h */ = {isa = PBXFileReference; fileEncoding = 30; lastKnownFileType = sourcecode.c.h; name = UDBRecord.h; path = ../../../source/UDBRecord.h; sourceTree = SOURCE_ROOT; };
		AA316BAF0B37CD10008BCB9B /* UDBRecords.c */ = {isa = PBXFileReference; fileEncoding = 30; lastKnownFileType = sourcecode.c.c; name = UDBRecords.c; path = ../../../source/UDBRecords.c; sourceTree = SOURCE_ROOT; };
		AA316BB00B37CD10008BCB9B /* UDBRecords.h */ = {isa = PBXFileReference; fileEncoding = 30; lastKnownFileType = sourcecode.c.h; name = UDBRecords.h; path = ../../../source/UDBRecords.h; sourceTree = SOURCE_ROOT; };
		AA316BC50B37CD39008BCB9B /* skipdbtest.c */ = {isa = PBXFileReference; fileEncoding = 30; lastKnownFileType = sourcecode.c.c; path = skipdbtest.c; sourceTree = SOURCE_ROOT; };
		AA316C1E0B37CD51008BCB9B /* Base.h */ = {isa = PBXFileReference; fileEncoding = 30; lastKnownFileType = sourcecode.c.h; name = Base.h; path = basekit/source/Base.h; sourceTree = SOURCE_ROOT; };
		AA316C1F0B37CD51008BCB9B /* BStream.c */ = {isa = PBXFileReference; fileEncoding = 30; lastKnownFileType = sourcecode.c.c; name = BStream.c; path = basekit/source/BStream.c; sourceTree = SOURCE_ROOT; };
		AA316C200B37CD51008BCB9B /* BStream.h */ = {isa = PBXFileReference; fileEncoding = 30; lastKnownFileType = sourcecode.c.h; name = BStream.h; path = basekit/source/BStream.h; sourceTree = SOURCE_ROOT; };
		AA316C210B37CD51008BCB9B /* BStreamTag.c */ = {isa = PBXFileReference; fileEncoding = 30; lastKnownFileType = sourcecode.c.c; name = BStreamTag.c; path = basekit/source/BStreamTag.c; sourceTree = SOURCE_ROOT; };
		AA316C220B37CD51008BCB9B /* BStreamTag.h */ = {isa = PBXFileReference; fileEncoding = 30; lastKnownFileType = sourcecode.c.h; name = BStreamTag.h; path = basekit/source/BStreamTag.h; sourceTree = SOURCE_ROOT; };
		AA316C230B37CD51008BCB9B /* ByteArray.c */ = {isa = PBXFileReference; fileEncoding = 30; lastKnownFileType = sourcecode.c.c; name = ByteArray.c; path = basekit/source/ByteArray.c; sourceTree = SOURCE_ROOT; };
		AA316C240B37CD51008BCB9B /* ByteArray.h */ = {isa = PBXFileReference; fileEncoding = 30; lastKnownFileType = sourcecode.c.h; name = ByteArray.h; path = basekit/source/ByteArray.h; sourceTree = SOURCE_ROOT; };
		AA316C250B37CD51008BCB9B /* ByteArray_inline.h */ = {isa = PBXFileReference; fileEncoding = 30; lastKnownFileType = sourcecode.c.h; name = ByteArray_inline.h; path = basekit/source/ByteArray_inline.h; sourceTree = SOURCE_ROOT; };
		AA316C260B37CD51008BCB9B /* Common.c */ = {isa = PBXFileReference; fileEncoding = 30; lastKnownFileType = sourcecode.c.c; name = Common.c; path = basekit/source/Common.c; sourceTree = SOURCE_ROOT; };
		AA316C270B37CD51008BCB9B /* Common.h */ = {isa = PBXFileReference; fileEncoding = 30; lastKnownFileType = sourcecode.c.h; name = Common.h; path = basekit/source/Common.h; sourceTree = SOURCE_ROOT; };
		AA316C280B37CD51008BCB9B /* Common_inline.h */ = {isa = PBXFileReference; fileEncoding = 30; lastKnownFileType = sourcecode.c.h; name = Common_inline.h; path = basekit/source/Common_inline.h; sourceTree = SOURCE_ROOT; };
		AA316C290B37CD51008BCB9B /* Date.c */ = {isa = PBXFileReference; fileEncoding = 30; lastKnownFileType = sourcecode.c.c; name = Date.c; path = basekit/source/Date.c; sourceTree = SOURCE_ROOT; };
		AA316C2A0B37CD51008BCB9B /* Date.h */ = {isa = PBXFileReference; fileEncoding = 30; lastKnownFileType = sourcecode.c.h; name = Date.h; path = basekit/source/Date.h; sourceTree = SOURCE_ROOT; };
		AA316C2B0B37CD51008BCB9B /* Datum.c */ = {isa = PBXFileReference; fileEncoding = 30; lastKnownFileType = sourcecode.c.c; name = Datum.c; path = basekit/source/Datum.c; sourceTree = SOURCE_ROOT; };
		AA316C2C0B37CD51008BCB9B /* Datum.h */ = {isa = PBXFileReference; fileEncoding = 30; lastKnownFileType = sourcecode.c.h; name = Datum.h; path = basekit/source/Datum.h; sourceTree = SOURCE_ROOT; };
		AA316C2D0B37CD51008BCB9B /* Duration.c */ = {isa = PBXFileReference; fileEncoding = 30; lastKnownFileType = sourcecode.c.c; name = Duration.c; path = basekit/source/Duration.c; sourceTree = SOURCE_ROOT; };
		AA316C2E0B37CD51008BCB9B /* Duration.h */ = {isa = PBXFileReference; fileEncoding = 30; lastKnownFileType = sourcecode.c.h; name = Duration.h; path = basekit/source/Duration.h; sourceTree = SOURCE_ROOT; };
		AA316C2F0B37CD51008BCB9B /* DynLib.c */ = {isa = PBXFileReference; fileEncoding = 30; lastKnownFileType = sourcecode.c.c; name = DynLib.c; path = basekit/source/DynLib.c; sourceTree = SOURCE_ROOT; };
		AA316C300B37CD51008BCB9B /* DynLib.h */ = {isa = PBXFileReference; fileEncoding = 30; lastKnownFileType = sourcecode.c.h; name = DynLib.h; path = basekit/source/DynLib.h; sourceTree = SOURCE_ROOT; };
		AA316C310B37CD51008BCB9B /* Hash.c */ = {isa = PBXFileReference; fileEncoding = 30; lastKnownFileType = sourcecode.c.c; name = Hash.c; path = basekit/source/Hash.c; sourceTree = SOURCE_ROOT; };
		AA316C320B37CD51008BCB9B /* Hash.h */ = {isa = PBXFileReference; fileEncoding = 30; lastKnownFileType = sourcecode.c.h; name = Hash.h; path = basekit/source/Hash.h; sourceTree = SOURCE_ROOT; };
		AA316C330B37CD51008BCB9B /* Hash_inline.h */ = {isa = PBXFileReference; fileEncoding = 30; lastKnownFileType = sourcecode.c.h; name = Hash_inline.h; path = basekit/source/Hash_inline.h; sourceTree = SOURCE_ROOT; };
		AA316C340B37CD51008BCB9B /* List.c */ = {isa = PBXFileReference; fileEncoding = 30; lastKnownFileType = sourcecode.c.c; name = List.c; path = basekit/source/List.c; sourceTree = SOURCE_ROOT; };
		AA316C350B37CD51008BCB9B /* List.h */ = {isa = PBXFileReference; fileEncoding = 30; lastKnownFileType = sourcecode.c.h; name = List.h; path = basekit/source/List.h; sourceTree = SOURCE_ROOT; };
		AA316C360B37CD51008BCB9B /* List_inline.h */ = {isa = PBXFileReference; fileEncoding = 30; lastKnownFileType = sourcecode.c.h; name = List_inline.h; path = basekit/source/List_inline.h; sourceTree = SOURCE_ROOT; };
		AA316C370B37CD51008BCB9B /* MainArgs.c */ = {isa = PBXFileReference; fileEncoding = 30; lastKnownFileType = sourcecode.c.c; name = MainArgs.c; path = basekit/source/MainArgs.c; sourceTree = SOURCE_ROOT; };
		AA316C380B37CD51008BCB9B /* MainArgs.h */ = {isa = PBXFileReference; fileEncoding = 30; lastKnownFileType = sourcecode.c.h; name = MainArgs.h; path = basekit/source/MainArgs.h; sourceTree = SOURCE_ROOT; };
		AA316C390B37CD51008BCB9B /* PHash.c */ = {isa = PBXFileReference; fileEncoding = 30; lastKnownFileType = sourcecode.c.c; name = PHash.c; path = basekit/source/PHash.c; sourceTree = SOURCE_ROOT; };
		AA316C3A0B37CD51008BCB9B /* PHash.h */ = {isa = PBXFileReference; fileEncoding = 30; lastKnownFileType = sourcecode.c.h; name = PHash.h; path = basekit/source/PHash.h; sourceTree = SOURCE_ROOT; };
		AA316C3B0B37CD51008BCB9B /* PHash_inline.h */ = {isa = PBXFileReference; fileEncoding = 30; lastKnownFileType = sourcecode.c.h; name = PHash_inline.h; path = basekit/source/PHash_inline.h; sourceTree = SOURCE_ROOT; };
		AA316C3C0B37CD51008BCB9B /* PortableGettimeofday.c */ = {isa = PBXFileReference; fileEncoding = 30; lastKnownFileType = sourcecode.c.c; name = PortableGettimeofday.c; path = basekit/source/PortableGettimeofday.c; sourceTree = SOURCE_ROOT; };
		AA316C3D0B37CD51008BCB9B /* PortableGettimeofday.h */ = {isa = PBXFileReference; fileEncoding = 30; lastKnownFileType = sourcecode.c.h; name = PortableGettimeofday.h; path = basekit/source/PortableGettimeofday.h; sourceTree = SOURCE_ROOT; };
		AA316C3E0B37CD51008BCB9B /* PortableSnprintf.c */ = {isa = PBXFileReference; fileEncoding = 30; lastKnownFileType = sourcecode.c.c; name = PortableSnprintf.c; path = basekit/source/PortableSnprintf.c; sourceTree = SOURCE_ROOT; };
		AA316C3F0B37CD51008BCB9B /* PortableStdint.h */ = {isa = PBXFileReference; fileEncoding = 30; lastKnownFileType = sourcecode.c.h; name = PortableStdint.h; path = basekit/source/PortableStdint.h; sourceTree = SOURCE_ROOT; };
		AA316C400B37CD51008BCB9B /* PortableStrlcpy.c */ = {isa = PBXFileReference; fileEncoding = 30; lastKnownFileType = sourcecode.c.c; name = PortableStrlcpy.c; path = basekit/source/PortableStrlcpy.c; sourceTree = SOURCE_ROOT; };
		AA316C410B37CD51008BCB9B /* PortableStrlcpy.h */ = {isa = PBXFileReference; fileEncoding = 30; lastKnownFileType = sourcecode.c.h; name = PortableStrlcpy.h; path = basekit/source/PortableStrlcpy.h; sourceTree = SOURCE_ROOT; };
		AA316C420B37CD51008BCB9B /* PortableStrptime.c */ = {isa = PBXFileReference; fileEncoding = 30; lastKnownFileType = sourcecode.c.c; name = PortableStrptime.c; path = basekit/source/PortableStrptime.c; sourceTree = SOURCE_ROOT; };
		AA316C430B37CD51008BCB9B /* PortableStrptime.h */ = {isa = PBXFileReference; fileEncoding = 30; lastKnownFileType = sourcecode.c.h; name = PortableStrptime.h; path = basekit/source/PortableStrptime.h; sourceTree = SOURCE_ROOT; };
		AA316C440B37CD51008BCB9B /* PortableTruncate.c */ = {isa = PBXFileReference; fileEncoding = 30; lastKnownFileType = sourcecode.c.c; name = PortableTruncate.c; path = basekit/source/PortableTruncate.c; sourceTree = SOURCE_ROOT; };
		AA316C450B37CD51008BCB9B /* PortableTruncate.h */ = {isa = PBXFileReference; fileEncoding = 30; lastKnownFileType = sourcecode.c.h; name = PortableTruncate.h; path = basekit/source/PortableTruncate.h; sourceTree = SOURCE_ROOT; };
		AA316C460B37CD51008BCB9B /* PortableUsleep.c */ = {isa = PBXFileReference; fileEncoding = 30; lastKnownFileType = sourcecode.c.c; name = PortableUsleep.c; path = basekit/source/PortableUsleep.c; sourceTree = SOURCE_ROOT; };
		AA316C470B37CD51008BCB9B /* PortableUsleep.h */ = {isa = PBXFileReference; fileEncoding = 30; lastKnownFileType = sourcecode.c.h; name = PortableUsleep.h; path = basekit/source/PortableUsleep.h; sourceTree = SOURCE_ROOT; };
		AA316C480B37CD51008BCB9B /* RandomGen.c */ = {isa = PBXFileReference; fileEncoding = 30; lastKnownFileType = sourcecode.c.c; name = RandomGen.c; path = basekit/source/RandomGen.c; sourceTree = SOURCE_ROOT; };
		AA316C490B37CD51008BCB9B /* RandomGen.h */ = {isa = PBXFileReference; fileEncoding = 30; lastKnownFileType = sourcecode.c.h; name = RandomGen.h; path = basekit/source/RandomGen.h; sourceTree = SOURCE_ROOT; };
		AA316C4A0B37CD51008BCB9B /* Sorting.c */ = {isa = PBXFileReference; fileEncoding = 30; lastKnownFileType = sourcecode.c.c; name = Sorting.c; path = basekit/source/Sorting.c; sourceTree = SOURCE_ROOT; };
		AA316C4B0B37CD51008BCB9B /* Sorting.h */ = {isa = PBXFileReference; fileEncoding = 30; lastKnownFileType = sourcecode.c.h; name = Sorting.h; path = basekit/source/Sorting.h; sourceTree = SOURCE_ROOT; };
		AA316C4C0B37CD51008BCB9B /* Stack.c */ = {isa = PBXFileReference; fileEncoding = 30; lastKnownFileType = sourcecode.c.c; name = Stack.c; path = basekit/source/Stack.c; sourceTree = SOURCE_ROOT; };
		AA316C4D0B37CD51008BCB9B /* Stack.h */ = {isa = PBXFileReference; fileEncoding = 30; lastKnownFileType = sourcecode.c.h; name = Stack.h; path = basekit/source/Stack.h; sourceTree = SOURCE_ROOT; };
		AA316C4E0B37CD51008BCB9B /* Stack_inline.h */ = {isa = PBXFileReference; fileEncoding = 30; lastKnownFileType = sourcecode.c.h; name = Stack_inline.h; path = basekit/source/Stack_inline.h; sourceTree = SOURCE_ROOT; };
		AA316C4F0B37CD51008BCB9B /* UTinstant.c */ = {isa = PBXFileReference; fileEncoding = 30; lastKnownFileType = sourcecode.c.c; name = UTinstant.c; path = basekit/source/UTinstant.c; sourceTree = SOURCE_ROOT; };
		AA316C500B37CD51008BCB9B /* UTinstant.h */ = {isa = PBXFileReference; fileEncoding = 30; lastKnownFileType = sourcecode.c.h; name = UTinstant.h; path = basekit/source/UTinstant.h; sourceTree = SOURCE_ROOT; };
		AA316C510B37CD51008BCB9B /* UTzones.c */ = {isa = PBXFileReference; fileEncoding = 30; lastKnownFileType = sourcecode.c.c; name = UTzones.c; path = basekit/source/UTzones.c; sourceTree = SOURCE_ROOT; };
		AA316C520B37CD51008BCB9B /* UTzones.h */ = {isa = PBXFileReference; fileEncoding = 30; lastKnownFileType = sourcecode.c.h; name = UTzones.h; path = basekit/source/UTzones.h; sourceTree = SOURCE_ROOT; };
		C6A0FF2C0290799A04C91782 /* skipdb.1 */ = {isa = PBXFileReference; lastKnownFileType = text.man; path = skipdb.1; sourceTree = "<group>"; };
/* End PBXFileReference section */

/* Begin PBXFrameworksBuildPhase section */
		8DD76FAD0486AB0100D96B5E /* Frameworks */ = {
			isa = PBXFrameworksBuildPhase;
			buildActionMask = 2147483647;
			files = (
			);
			runOnlyForDeploymentPostprocessing = 0;
		};
/* End PBXFrameworksBuildPhase section */

/* Begin PBXGroup section */
		08FB7794FE84155DC02AAC07 /* skipdb */ = {
			isa = PBXGroup;
			children = (
				AA316BC50B37CD39008BCB9B /* skipdbtest.c */,
				AA316BC70B37CD50008BCB9B /* basekit */,
				08FB7795FE84155DC02AAC07 /* Source */,
				C6A0FF2B0290797F04C91782 /* Documentation */,
				1AB674ADFE9D54B511CA2CBB /* Products */,
			);
			name = skipdb;
			sourceTree = "<group>";
		};
		08FB7795FE84155DC02AAC07 /* Source */ = {
			isa = PBXGroup;
			children = (
				AA316B9F0B37CD10008BCB9B /* JFile.c */,
				AA316BA00B37CD10008BCB9B /* JFile.h */,
				AA316BA10B37CD10008BCB9B /* SkipDB.c */,
				AA316BA20B37CD10008BCB9B /* SkipDB.h */,
				AA316BA30B37CD10008BCB9B /* SkipDBCursor.c */,
				AA316BA40B37CD10008BCB9B /* SkipDBCursor.h */,
				AA316BA50B37CD10008BCB9B /* SkipDBM.c */,
				AA316BA60B37CD10008BCB9B /* SkipDBM.h */,
				AA316BA70B37CD10008BCB9B /* SkipDBRecord.c */,
				AA316BA80B37CD10008BCB9B /* SkipDBRecord.h */,
				AA316BA90B37CD10008BCB9B /* UDB.c */,
				AA316BAA0B37CD10008BCB9B /* UDB.h */,
				AA316BAB0B37CD10008BCB9B /* UDBIndex.c */,
				AA316BAC0B37CD10008BCB9B /* UDBIndex.h */,
				AA316BAD0B37CD10008BCB9B /* UDBRecord.c */,
				AA316BAE0B37CD10008BCB9B /* UDBRecord.h */,
				AA316BAF0B37CD10008BCB9B /* UDBRecords.c */,
				AA316BB00B37CD10008BCB9B /* UDBRecords.h */,
			);
			name = Source;
			sourceTree = "<group>";
		};
		1AB674ADFE9D54B511CA2CBB /* Products */ = {
			isa = PBXGroup;
			children = (
				8DD76FB20486AB0100D96B5E /* skipdb */,
			);
			name = Products;
			sourceTree = "<group>";
		};
		AA316BC70B37CD50008BCB9B /* basekit */ = {
			isa = PBXGroup;
			children = (
				AA316C080B37CD51008BCB9B /* source */,
			);
			path = basekit;
			sourceTree = SOURCE_ROOT;
		};
		AA316C080B37CD51008BCB9B /* source */ = {
			isa = PBXGroup;
			children = (
				AA316C1E0B37CD51008BCB9B /* Base.h */,
				AA316C1F0B37CD51008BCB9B /* BStream.c */,
				AA316C200B37CD51008BCB9B /* BStream.h */,
				AA316C210B37CD51008BCB9B /* BStreamTag.c */,
				AA316C220B37CD51008BCB9B /* BStreamTag.h */,
				AA316C230B37CD51008BCB9B /* ByteArray.c */,
				AA316C240B37CD51008BCB9B /* ByteArray.h */,
				AA316C250B37CD51008BCB9B /* ByteArray_inline.h */,
				AA316C260B37CD51008BCB9B /* Common.c */,
				AA316C270B37CD51008BCB9B /* Common.h */,
				AA316C280B37CD51008BCB9B /* Common_inline.h */,
				AA316C290B37CD51008BCB9B /* Date.c */,
				AA316C2A0B37CD51008BCB9B /* Date.h */,
				AA316C2B0B37CD51008BCB9B /* Datum.c */,
				AA316C2C0B37CD51008BCB9B /* Datum.h */,
				AA316C2D0B37CD51008BCB9B /* Duration.c */,
				AA316C2E0B37CD51008BCB9B /* Duration.h */,
				AA316C2F0B37CD51008BCB9B /* DynLib.c */,
				AA316C300B37CD51008BCB9B /* DynLib.h */,
				AA316C310B37CD51008BCB9B /* Hash.c */,
				AA316C320B37CD51008BCB9B /* Hash.h */,
				AA316C330B37CD51008BCB9B /* Hash_inline.h */,
				AA316C340B37CD51008BCB9B /* List.c */,
				AA316C350B37CD51008BCB9B /* List.h */,
				AA316C360B37CD51008BCB9B /* List_inline.h */,
				AA316C370B37CD51008BCB9B /* MainArgs.c */,
				AA316C380B37CD51008BCB9B /* MainArgs.h */,
				AA316C390B37CD51008BCB9B /* PHash.c */,
				AA316C3A0B37CD51008BCB9B /* PHash.h */,
				AA316C3B0B37CD51008BCB9B /* PHash_inline.h */,
				AA316C3C0B37CD51008BCB9B /* PortableGettimeofday.c */,
				AA316C3D0B37CD51008BCB9B /* PortableGettimeofday.h */,
				AA316C3E0B37CD51008BCB9B /* PortableSnprintf.c */,
				AA316C3F0B37CD51008BCB9B /* PortableStdint.h */,
				AA316C400B37CD51008BCB9B /* PortableStrlcpy.c */,
				AA316C410B37CD51008BCB9B /* PortableStrlcpy.h */,
				AA316C420B37CD51008BCB9B /* PortableStrptime.c */,
				AA316C430B37CD51008BCB9B /* PortableStrptime.h */,
				AA316C440B37CD51008BCB9B /* PortableTruncate.c */,
				AA316C450B37CD51008BCB9B /* PortableTruncate.h */,
				AA316C460B37CD51008BCB9B /* PortableUsleep.c */,
				AA316C470B37CD51008BCB9B /* PortableUsleep.h */,
				AA316C480B37CD51008BCB9B /* RandomGen.c */,
				AA316C490B37CD51008BCB9B /* RandomGen.h */,
				AA316C4A0B37CD51008BCB9B /* Sorting.c */,
				AA316C4B0B37CD51008BCB9B /* Sorting.h */,
				AA316C4C0B37CD51008BCB9B /* Stack.c */,
				AA316C4D0B37CD51008BCB9B /* Stack.h */,
				AA316C4E0B37CD51008BCB9B /* Stack_inline.h */,
				AA316C4F0B37CD51008BCB9B /* UTinstant.c */,
				AA316C500B37CD51008BCB9B /* UTinstant.h */,
				AA316C510B37CD51008BCB9B /* UTzones.c */,
				AA316C520B37CD51008BCB9B /* UTzones.h */,
			);
			name = source;
			path = basekit/source;
			sourceTree = SOURCE_ROOT;
		};
		C6A0FF2B0290797F04C91782 /* Documentation */ = {
			isa = PBXGroup;
			children = (
				C6A0FF2C0290799A04C91782 /* skipdb.1 */,
			);
			name = Documentation;
			sourceTree = "<group>";
		};
/* End PBXGroup section */

/* Begin PBXNativeTarget section */
		8DD76FA90486AB0100D96B5E /* skipdb */ = {
			isa = PBXNativeTarget;
			buildConfigurationList = 1DEB928508733DD80010E9CD /* Build configuration list for PBXNativeTarget "skipdb" */;
			buildPhases = (
				8DD76FAB0486AB0100D96B5E /* Sources */,
				8DD76FAD0486AB0100D96B5E /* Frameworks */,
				8DD76FAF0486AB0100D96B5E /* CopyFiles */,
			);
			buildRules = (
			);
			dependencies = (
			);
			name = skipdb;
			productInstallPath = "$(HOME)/bin";
			productName = skipdb;
			productReference = 8DD76FB20486AB0100D96B5E /* skipdb */;
			productType = "com.apple.product-type.tool";
		};
/* End PBXNativeTarget section */

/* Begin PBXProject section */
		08FB7793FE84155DC02AAC07 /* Project object */ = {
			isa = PBXProject;
			buildConfigurationList = 1DEB928908733DD80010E9CD /* Build configuration list for PBXProject "skipdb" */;
			hasScannedForEncodings = 1;
			mainGroup = 08FB7794FE84155DC02AAC07 /* skipdb */;
			projectDirPath = "";
			targets = (
				8DD76FA90486AB0100D96B5E /* skipdb */,
			);
		};
/* End PBXProject section */

/* Begin PBXSourcesBuildPhase section */
		8DD76FAB0486AB0100D96B5E /* Sources */ = {
			isa = PBXSourcesBuildPhase;
			buildActionMask = 2147483647;
			files = (
				AA316BB10B37CD10008BCB9B /* JFile.c in Sources */,
				AA316BB30B37CD10008BCB9B /* SkipDB.c in Sources */,
				AA316BB50B37CD10008BCB9B /* SkipDBCursor.c in Sources */,
				AA316BB70B37CD10008BCB9B /* SkipDBM.c in Sources */,
				AA316BB90B37CD10008BCB9B /* SkipDBRecord.c in Sources */,
				AA316BBB0B37CD10008BCB9B /* UDB.c in Sources */,
				AA316BBD0B37CD10008BCB9B /* UDBIndex.c in Sources */,
				AA316BBF0B37CD10008BCB9B /* UDBRecord.c in Sources */,
				AA316BC10B37CD10008BCB9B /* UDBRecords.c in Sources */,
				AA316BC60B37CD39008BCB9B /* skipdbtest.c in Sources */,
				AA316CA10B37CD51008BCB9B /* BStream.c in Sources */,
				AA316CA30B37CD51008BCB9B /* BStreamTag.c in Sources */,
				AA316CA50B37CD51008BCB9B /* ByteArray.c in Sources */,
				AA316CA80B37CD51008BCB9B /* Common.c in Sources */,
				AA316CAB0B37CD51008BCB9B /* Date.c in Sources */,
				AA316CAD0B37CD51008BCB9B /* Datum.c in Sources */,
				AA316CAF0B37CD51008BCB9B /* Duration.c in Sources */,
				AA316CB10B37CD51008BCB9B /* DynLib.c in Sources */,
				AA316CB30B37CD51008BCB9B /* Hash.c in Sources */,
				AA316CB60B37CD51008BCB9B /* List.c in Sources */,
				AA316CB90B37CD51008BCB9B /* MainArgs.c in Sources */,
				AA316CBB0B37CD51008BCB9B /* PHash.c in Sources */,
				AA316CBE0B37CD51008BCB9B /* PortableGettimeofday.c in Sources */,
				AA316CC00B37CD51008BCB9B /* PortableSnprintf.c in Sources */,
				AA316CC20B37CD51008BCB9B /* PortableStrlcpy.c in Sources */,
				AA316CC40B37CD51008BCB9B /* PortableStrptime.c in Sources */,
				AA316CC60B37CD51008BCB9B /* PortableTruncate.c in Sources */,
				AA316CC80B37CD51008BCB9B /* PortableUsleep.c in Sources */,
				AA316CCA0B37CD51008BCB9B /* RandomGen.c in Sources */,
				AA316CCC0B37CD51008BCB9B /* Sorting.c in Sources */,
				AA316CCE0B37CD51008BCB9B /* Stack.c in Sources */,
				AA316CD10B37CD51008BCB9B /* UTinstant.c in Sources */,
				AA316CD30B37CD51008BCB9B /* UTzones.c in Sources */,
			);
			runOnlyForDeploymentPostprocessing = 0;
		};
/* End PBXSourcesBuildPhase section */

/* Begin XCBuildConfiguration section */
		1DEB928608733DD80010E9CD /* Debug */ = {
			isa = XCBuildConfiguration;
			buildSettings = {
				COPY_PHASE_STRIP = NO;
				GCC_DYNAMIC_NO_PIC = NO;
				GCC_ENABLE_FIX_AND_CONTINUE = YES;
				GCC_MODEL_TUNING = G5;
				GCC_OPTIMIZATION_LEVEL = 0;
				INSTALL_PATH = "$(HOME)/bin";
				LIBRARY_SEARCH_PATHS = (
					"$(inherited)",
					"$(LIBRARY_SEARCH_PATHS_QUOTED_1)",
					"$(LIBRARY_SEARCH_PATHS_QUOTED_2)",
				);
				LIBRARY_SEARCH_PATHS_QUOTED_1 = "\"$(SRCROOT)/basekit/_build/dll\"";
				LIBRARY_SEARCH_PATHS_QUOTED_2 = "\"$(SRCROOT)/basekit/_build/lib\"";
				PRODUCT_NAME = skipdb;
				ZERO_LINK = YES;
			};
			name = Debug;
		};
		1DEB928708733DD80010E9CD /* Release */ = {
			isa = XCBuildConfiguration;
			buildSettings = {
				ARCHS = (
					ppc,
					i386,
				);
				GCC_GENERATE_DEBUGGING_SYMBOLS = NO;
				GCC_MODEL_TUNING = G5;
				INSTALL_PATH = "$(HOME)/bin";
				LIBRARY_SEARCH_PATHS = (
					"$(inherited)",
					"$(LIBRARY_SEARCH_PATHS_QUOTED_1)",
					"$(LIBRARY_SEARCH_PATHS_QUOTED_2)",
				);
				LIBRARY_SEARCH_PATHS_QUOTED_1 = "\"$(SRCROOT)/basekit/_build/dll\"";
				LIBRARY_SEARCH_PATHS_QUOTED_2 = "\"$(SRCROOT)/basekit/_build/lib\"";
				PRODUCT_NAME = skipdb;
			};
			name = Release;
		};
		1DEB928A08733DD80010E9CD /* Debug */ = {
			isa = XCBuildConfiguration;
			buildSettings = {
				GCC_WARN_ABOUT_RETURN_TYPE = YES;
				GCC_WARN_UNUSED_VARIABLE = YES;
				PREBINDING = NO;
				SDKROOT = /Developer/SDKs/MacOSX10.4u.sdk;
			};
			name = Debug;
		};
		1DEB928B08733DD80010E9CD /* Release */ = {
			isa = XCBuildConfiguration;
			buildSettings = {
				GCC_WARN_ABOUT_RETURN_TYPE = YES;
				GCC_WARN_UNUSED_VARIABLE = YES;
				PREBINDING = NO;
				SDKROOT = /Developer/SDKs/MacOSX10.4u.sdk;
			};
			name = Release;
		};
/* End XCBuildConfiguration section */

/* Begin XCConfigurationList section */
		1DEB928508733DD80010E9CD /* Build configuration list for PBXNativeTarget "skipdb" */ = {
			isa = XCConfigurationList;
			buildConfigurations = (
				1DEB928608733DD80010E9CD /* Debug */,
				1DEB928708733DD80010E9CD /* Release */,
			);
			defaultConfigurationIsVisible = 0;
			defaultConfigurationName = Release;
		};
		1DEB928908733DD80010E9CD /* Build configuration list for PBXProject "skipdb" */ = {
			isa = XCConfigurationList;
			buildConfigurations = (
				1DEB928A08733DD80010E9CD /* Debug */,
				1DEB928B08733DD80010E9CD /* Release */,
			);
			defaultConfigurationIsVisible = 0;
			defaultConfigurationName = Release;
		};
/* End XCConfigurationList section */
	};
	rootObject = 08FB7793FE84155DC02AAC07 /* Project object */;
}
