Microsoft Visual Studio Solution File, Format Version 9.00
# Visual C++ Express 2005
Project("{8BC9CEB8-8B4A-11D0-8D11-00A0C91BC942}") = "IoVM", "IoVM\IoVM.vcproj", "{D8EA8C47-D814-4F06-B790-DC6344D79D6C}"
EndProject
Project("{8BC9CEB8-8B4A-11D0-8D11-00A0C91BC942}") = "IoApp", "IoApp\IoApp.vcproj", "{CC6D6C82-B2A1-4A12-A852-C21362FEC007}"
	ProjectSection(ProjectDependencies) = postProject
		{F088BE02-06A8-4BB8-91A4-69C2E338BD9A} = {F088BE02-06A8-4BB8-91A4-69C2E338BD9A}
		{B51BE504-75D4-4251-97F2-E516FED15D83} = {B51BE504-75D4-4251-97F2-E516FED15D83}
		{5097C49F-F3BA-48F7-8CAB-6456617BFBB4} = {5097C49F-F3BA-48F7-8CAB-6456617BFBB4}
		{D5D8EF9B-4A0F-4CA7-8E0C-2803EC50757D} = {D5D8EF9B-4A0F-4CA7-8E0C-2803EC50757D}
		{2FDDDB93-74F4-4690-9636-2AA6EBD7E2AD} = {2FDDDB93-74F4-4690-9636-2AA6EBD7E2AD}
		{A897A989-AB3F-4A8F-874B-C2FF413B1413} = {A897A989-AB3F-4A8F-874B-C2FF413B1413}
		{E2E5F475-C81C-4C5A-9D36-C7CD92F2349D} = {E2E5F475-C81C-4C5A-9D36-C7CD92F2349D}
		{D8EA8C47-D814-4F06-B790-DC6344D79D6C} = {D8EA8C47-D814-4F06-B790-DC6344D79D6C}
		{0C971A0F-AD75-4A4A-963D-E55A511AF0AB} = {0C971A0F-AD75-4A4A-963D-E55A511AF0AB}
	EndProjectSection
EndProject
Project("{8BC9CEB8-8B4A-11D0-8D11-00A0C91BC942}") = "IoOpenGL", "IoOpenGL\IoOpenGL.vcproj", "{0C971A0F-AD75-4A4A-963D-E55A511AF0AB}"
	ProjectSection(ProjectDependencies) = postProject
		{5097C49F-F3BA-48F7-8CAB-6456617BFBB4} = {5097C49F-F3BA-48F7-8CAB-6456617BFBB4}
		{D5D8EF9B-4A0F-4CA7-8E0C-2803EC50757D} = {D5D8EF9B-4A0F-4CA7-8E0C-2803EC50757D}
		{2FDDDB93-74F4-4690-9636-2AA6EBD7E2AD} = {2FDDDB93-74F4-4690-9636-2AA6EBD7E2AD}
		{A897A989-AB3F-4A8F-874B-C2FF413B1413} = {A897A989-AB3F-4A8F-874B-C2FF413B1413}
		{E2E5F475-C81C-4C5A-9D36-C7CD92F2349D} = {E2E5F475-C81C-4C5A-9D36-C7CD92F2349D}
		{D8EA8C47-D814-4F06-B790-DC6344D79D6C} = {D8EA8C47-D814-4F06-B790-DC6344D79D6C}
		{F088BE02-06A8-4BB8-91A4-69C2E338BD9A} = {F088BE02-06A8-4BB8-91A4-69C2E338BD9A}
	EndProjectSection
EndProject
Project("{8BC9CEB8-8B4A-11D0-8D11-00A0C91BC942}") = "IoMath", "IoMath\IoMath.vcproj", "{A897A989-AB3F-4A8F-874B-C2FF413B1413}"
	ProjectSection(ProjectDependencies) = postProject
		{D8EA8C47-D814-4F06-B790-DC6344D79D6C} = {D8EA8C47-D814-4F06-B790-DC6344D79D6C}
	EndProjectSection
EndProject
Project("{8BC9CEB8-8B4A-11D0-8D11-00A0C91BC942}") = "IoJPEG", "IoJPEG\IoJPEG.vcproj", "{F088BE02-06A8-4BB8-91A4-69C2E338BD9A}"
EndProject
Project("{8BC9CEB8-8B4A-11D0-8D11-00A0C91BC942}") = "IoPNG", "IoPNG\IoPNG.vcproj", "{E2E5F475-C81C-4C5A-9D36-C7CD92F2349D}"
	ProjectSection(ProjectDependencies) = postProject
		{D8EA8C47-D814-4F06-B790-DC6344D79D6C} = {D8EA8C47-D814-4F06-B790-DC6344D79D6C}
	EndProjectSection
EndProject
Project("{8BC9CEB8-8B4A-11D0-8D11-00A0C91BC942}") = "IoTIFF", "IoTIFF\IoTIFF.vcproj", "{D5D8EF9B-4A0F-4CA7-8E0C-2803EC50757D}"
EndProject
Project("{8BC9CEB8-8B4A-11D0-8D11-00A0C91BC942}") = "IoImage", "IoImage\IoImage.vcproj", "{5097C49F-F3BA-48F7-8CAB-6456617BFBB4}"
	ProjectSection(ProjectDependencies) = postProject
		{D5D8EF9B-4A0F-4CA7-8E0C-2803EC50757D} = {D5D8EF9B-4A0F-4CA7-8E0C-2803EC50757D}
		{2FDDDB93-74F4-4690-9636-2AA6EBD7E2AD} = {2FDDDB93-74F4-4690-9636-2AA6EBD7E2AD}
		{E2E5F475-C81C-4C5A-9D36-C7CD92F2349D} = {E2E5F475-C81C-4C5A-9D36-C7CD92F2349D}
		{F088BE02-06A8-4BB8-91A4-69C2E338BD9A} = {F088BE02-06A8-4BB8-91A4-69C2E338BD9A}
	EndProjectSection
EndProject
Project("{8BC9CEB8-8B4A-11D0-8D11-00A0C91BC942}") = "freeglut", "freeglut\freeglut.vcproj", "{2FDDDB93-74F4-4690-9636-2AA6EBD7E2AD}"
EndProject
Project("{8BC9CEB8-8B4A-11D0-8D11-00A0C91BC942}") = "IoFreeType", "FreeType\FreeType.vcproj", "{B51BE504-75D4-4251-97F2-E516FED15D83}"
EndProject
Global
	GlobalSection(SolutionConfigurationPlatforms) = preSolution
		Debug|Win32 = Debug|Win32
		Release|Win32 = Release|Win32
	EndGlobalSection
	GlobalSection(ProjectConfigurationPlatforms) = postSolution
		{D8EA8C47-D814-4F06-B790-DC6344D79D6C}.Debug|Win32.ActiveCfg = Debug|Win32
		{D8EA8C47-D814-4F06-B790-DC6344D79D6C}.Debug|Win32.Build.0 = Debug|Win32
		{D8EA8C47-D814-4F06-B790-DC6344D79D6C}.Release|Win32.ActiveCfg = Release|Win32
		{CC6D6C82-B2A1-4A12-A852-C21362FEC007}.Debug|Win32.ActiveCfg = Debug|Win32
		{CC6D6C82-B2A1-4A12-A852-C21362FEC007}.Debug|Win32.Build.0 = Debug|Win32
		{CC6D6C82-B2A1-4A12-A852-C21362FEC007}.Release|Win32.ActiveCfg = Release|Win32
		{0C971A0F-AD75-4A4A-963D-E55A511AF0AB}.Debug|Win32.ActiveCfg = Debug|Win32
		{0C971A0F-AD75-4A4A-963D-E55A511AF0AB}.Debug|Win32.Build.0 = Debug|Win32
		{0C971A0F-AD75-4A4A-963D-E55A511AF0AB}.Release|Win32.ActiveCfg = Release|Win32
		{0C971A0F-AD75-4A4A-963D-E55A511AF0AB}.Release|Win32.Build.0 = Release|Win32
		{A897A989-AB3F-4A8F-874B-C2FF413B1413}.Debug|Win32.ActiveCfg = Debug|Win32
		{A897A989-AB3F-4A8F-874B-C2FF413B1413}.Debug|Win32.Build.0 = Debug|Win32
		{A897A989-AB3F-4A8F-874B-C2FF413B1413}.Release|Win32.ActiveCfg = Release|Win32
		{A897A989-AB3F-4A8F-874B-C2FF413B1413}.Release|Win32.Build.0 = Release|Win32
		{F088BE02-06A8-4BB8-91A4-69C2E338BD9A}.Debug|Win32.ActiveCfg = Debug|Win32
		{F088BE02-06A8-4BB8-91A4-69C2E338BD9A}.Debug|Win32.Build.0 = Debug|Win32
		{F088BE02-06A8-4BB8-91A4-69C2E338BD9A}.Release|Win32.ActiveCfg = Release|Win32
		{F088BE02-06A8-4BB8-91A4-69C2E338BD9A}.Release|Win32.Build.0 = Release|Win32
		{E2E5F475-C81C-4C5A-9D36-C7CD92F2349D}.Debug|Win32.ActiveCfg = Debug|Win32
		{E2E5F475-C81C-4C5A-9D36-C7CD92F2349D}.Debug|Win32.Build.0 = Debug|Win32
		{E2E5F475-C81C-4C5A-9D36-C7CD92F2349D}.Release|Win32.ActiveCfg = Release|Win32
		{E2E5F475-C81C-4C5A-9D36-C7CD92F2349D}.Release|Win32.Build.0 = Release|Win32
		{D5D8EF9B-4A0F-4CA7-8E0C-2803EC50757D}.Debug|Win32.ActiveCfg = Debug|Win32
		{D5D8EF9B-4A0F-4CA7-8E0C-2803EC50757D}.Debug|Win32.Build.0 = Debug|Win32
		{D5D8EF9B-4A0F-4CA7-8E0C-2803EC50757D}.Release|Win32.ActiveCfg = Release|Win32
		{D5D8EF9B-4A0F-4CA7-8E0C-2803EC50757D}.Release|Win32.Build.0 = Release|Win32
		{5097C49F-F3BA-48F7-8CAB-6456617BFBB4}.Debug|Win32.ActiveCfg = Debug|Win32
		{5097C49F-F3BA-48F7-8CAB-6456617BFBB4}.Debug|Win32.Build.0 = Debug|Win32
		{5097C49F-F3BA-48F7-8CAB-6456617BFBB4}.Release|Win32.ActiveCfg = Release|Win32
		{5097C49F-F3BA-48F7-8CAB-6456617BFBB4}.Release|Win32.Build.0 = Release|Win32
		{2FDDDB93-74F4-4690-9636-2AA6EBD7E2AD}.Debug|Win32.ActiveCfg = Debug|Win32
		{2FDDDB93-74F4-4690-9636-2AA6EBD7E2AD}.Debug|Win32.Build.0 = Debug|Win32
		{2FDDDB93-74F4-4690-9636-2AA6EBD7E2AD}.Release|Win32.ActiveCfg = Release|Win32
		{2FDDDB93-74F4-4690-9636-2AA6EBD7E2AD}.Release|Win32.Build.0 = Release|Win32
		{B51BE504-75D4-4251-97F2-E516FED15D83}.Debug|Win32.ActiveCfg = Debug|Win32
		{B51BE504-75D4-4251-97F2-E516FED15D83}.Debug|Win32.Build.0 = Debug|Win32
		{B51BE504-75D4-4251-97F2-E516FED15D83}.Release|Win32.ActiveCfg = Release|Win32
		{B51BE504-75D4-4251-97F2-E516FED15D83}.Release|Win32.Build.0 = Release|Win32
	EndGlobalSection
	GlobalSection(SolutionProperties) = preSolution
		HideSolutionNode = FALSE
	EndGlobalSection
EndGlobal
